// !$*UTF8*$!
{
	archiveVersion = 1;
	classes = {
	};
	objectVersion = 48;
	objects = {

/* Begin PBXBuildFile section */
		4780BD49E56D12652C6D25AB /* libPods-CSProduct.a in Frameworks */ = {isa = PBXBuildFile; fileRef = 6262DA7B6F97480A881C855C /* libPods-CSProduct.a */; };
		721A9E061FCAD47A0056435F /* NSDictionary+null.m in Sources */ = {isa = PBXBuildFile; fileRef = 721A9E051FCAD47A0056435F /* NSDictionary+null.m */; };
		721C810F1FCD4C7900AF6E9D /* UIView+ZRToast.m in Sources */ = {isa = PBXBuildFile; fileRef = 721C810D1FCD4C7900AF6E9D /* UIView+ZRToast.m */; };
		721C811A1FCD57BD00AF6E9D /* CSZiroomViewController.m in Sources */ = {isa = PBXBuildFile; fileRef = 721C81191FCD57BD00AF6E9D /* CSZiroomViewController.m */; };
		721C81251FCD583700AF6E9D /* CSAddressBookViewController.m in Sources */ = {isa = PBXBuildFile; fileRef = 721C81241FCD583700AF6E9D /* CSAddressBookViewController.m */; };
		721C81281FCD584B00AF6E9D /* CSMeViewController.m in Sources */ = {isa = PBXBuildFile; fileRef = 721C81271FCD584B00AF6E9D /* CSMeViewController.m */; };
		721C812B1FCD666200AF6E9D /* rootTabBarController.m in Sources */ = {isa = PBXBuildFile; fileRef = 721C812A1FCD666200AF6E9D /* rootTabBarController.m */; };
		722D3CAC1FD3AB0E0053B192 /* CSLoginBusinessManage.m in Sources */ = {isa = PBXBuildFile; fileRef = 722D3CAB1FD3AB0E0053B192 /* CSLoginBusinessManage.m */; };
		722D3CAF1FD3C6EB0053B192 /* CSPersonInfoModel.m in Sources */ = {isa = PBXBuildFile; fileRef = 722D3CAE1FD3C6EB0053B192 /* CSPersonInfoModel.m */; };
		722D3CB21FD3EB7E0053B192 /* CSOrganizationAddOriNameCell.m in Sources */ = {isa = PBXBuildFile; fileRef = 722D3CB11FD3EB7E0053B192 /* CSOrganizationAddOriNameCell.m */; };
		722D3CB51FD3EB920053B192 /* CSOrganizationAddOriTipsCell.m in Sources */ = {isa = PBXBuildFile; fileRef = 722D3CB41FD3EB920053B192 /* CSOrganizationAddOriTipsCell.m */; };
		722D3CB81FD3EBA50053B192 /* CSOrganizationAddSelCell.m in Sources */ = {isa = PBXBuildFile; fileRef = 722D3CB71FD3EBA50053B192 /* CSOrganizationAddSelCell.m */; };
		722D3CBB1FD410170053B192 /* CSLoginModel.m in Sources */ = {isa = PBXBuildFile; fileRef = 722D3CBA1FD410170053B192 /* CSLoginModel.m */; };
		7247F54F1FCA8A2A00B0DEAE /* AppDelegate.m in Sources */ = {isa = PBXBuildFile; fileRef = 7247F54E1FCA8A2A00B0DEAE /* AppDelegate.m */; };
		7247F5521FCA8A2B00B0DEAE /* ViewController.m in Sources */ = {isa = PBXBuildFile; fileRef = 7247F5511FCA8A2B00B0DEAE /* ViewController.m */; };
		7247F5551FCA8A2B00B0DEAE /* Main.storyboard in Resources */ = {isa = PBXBuildFile; fileRef = 7247F5531FCA8A2B00B0DEAE /* Main.storyboard */; };
		7247F5571FCA8A2B00B0DEAE /* Assets.xcassets in Resources */ = {isa = PBXBuildFile; fileRef = 7247F5561FCA8A2B00B0DEAE /* Assets.xcassets */; };
		7247F55A1FCA8A2B00B0DEAE /* LaunchScreen.storyboard in Resources */ = {isa = PBXBuildFile; fileRef = 7247F5581FCA8A2B00B0DEAE /* LaunchScreen.storyboard */; };
		7247F55D1FCA8A2B00B0DEAE /* main.m in Sources */ = {isa = PBXBuildFile; fileRef = 7247F55C1FCA8A2B00B0DEAE /* main.m */; };
		7247F5671FCA8A2B00B0DEAE /* CSProductTests.m in Sources */ = {isa = PBXBuildFile; fileRef = 7247F5661FCA8A2B00B0DEAE /* CSProductTests.m */; };
		7247F5721FCA8A2B00B0DEAE /* CSProductUITests.m in Sources */ = {isa = PBXBuildFile; fileRef = 7247F5711FCA8A2B00B0DEAE /* CSProductUITests.m */; };
		7247F5931FCAA0E000B0DEAE /* CSRequest.m in Sources */ = {isa = PBXBuildFile; fileRef = 7247F5811FCAA0DF00B0DEAE /* CSRequest.m */; };
		7247F5941FCAA0E000B0DEAE /* CSUrlArgumentsFilter.m in Sources */ = {isa = PBXBuildFile; fileRef = 7247F5831FCAA0DF00B0DEAE /* CSUrlArgumentsFilter.m */; };
		7247F5951FCAA0E000B0DEAE /* CSNetWorkConfig.m in Sources */ = {isa = PBXBuildFile; fileRef = 7247F5841FCAA0DF00B0DEAE /* CSNetWorkConfig.m */; };
		7247F5961FCAA0E000B0DEAE /* CSNetworkAgent.m in Sources */ = {isa = PBXBuildFile; fileRef = 7247F5861FCAA0DF00B0DEAE /* CSNetworkAgent.m */; };
		7247F5971FCAA0E000B0DEAE /* CSBaseRequest.m in Sources */ = {isa = PBXBuildFile; fileRef = 7247F5871FCAA0DF00B0DEAE /* CSBaseRequest.m */; };
		7247F5981FCAA0E000B0DEAE /* CSHttpClient.m in Sources */ = {isa = PBXBuildFile; fileRef = 7247F5881FCAA0DF00B0DEAE /* CSHttpClient.m */; };
		7247F5991FCAA0E000B0DEAE /* CSNetManger.m in Sources */ = {isa = PBXBuildFile; fileRef = 7247F58A1FCAA0DF00B0DEAE /* CSNetManger.m */; };
		7247F59A1FCAA0E000B0DEAE /* CSNetworkPrivate.m in Sources */ = {isa = PBXBuildFile; fileRef = 7247F5901FCAA0E000B0DEAE /* CSNetworkPrivate.m */; };
		7247F59B1FCAA0E000B0DEAE /* AFHTTPRequestOperationManager+Add.m in Sources */ = {isa = PBXBuildFile; fileRef = 7247F5911FCAA0E000B0DEAE /* AFHTTPRequestOperationManager+Add.m */; };
		7247F5A01FCAA33100B0DEAE /* CSNetworkLogModel.m in Sources */ = {isa = PBXBuildFile; fileRef = 7247F59F1FCAA33100B0DEAE /* CSNetworkLogModel.m */; };
		7247F5AA1FCACEBC00B0DEAE /* CSBaseService.m in Sources */ = {isa = PBXBuildFile; fileRef = 7247F5A91FCACEBC00B0DEAE /* CSBaseService.m */; };
		7247F5AD1FCACFEE00B0DEAE /* CSWebRequest.m in Sources */ = {isa = PBXBuildFile; fileRef = 7247F5AC1FCACFEE00B0DEAE /* CSWebRequest.m */; };
		728D20B41FCD67A300057177 /* CSMeNavController.m in Sources */ = {isa = PBXBuildFile; fileRef = 728D20B31FCD67A300057177 /* CSMeNavController.m */; };
		728D20B71FCD67C300057177 /* CSAddressBookNavController.m in Sources */ = {isa = PBXBuildFile; fileRef = 728D20B61FCD67C300057177 /* CSAddressBookNavController.m */; };
		728D20BA1FCD67D600057177 /* CSZiroomNavController.m in Sources */ = {isa = PBXBuildFile; fileRef = 728D20B91FCD67D600057177 /* CSZiroomNavController.m */; };
		72F12A7F1FCE516F00120EC8 /* WelComeView.m in Sources */ = {isa = PBXBuildFile; fileRef = 72F12A7E1FCE516F00120EC8 /* WelComeView.m */; };
		72F12A851FCE570400120EC8 /* CSZiroomHomeHeadView.m in Sources */ = {isa = PBXBuildFile; fileRef = 72F12A841FCE570400120EC8 /* CSZiroomHomeHeadView.m */; };
		72F12A881FCE574000120EC8 /* CSZiroomViewFunctionCell.m in Sources */ = {isa = PBXBuildFile; fileRef = 72F12A871FCE574000120EC8 /* CSZiroomViewFunctionCell.m */; };
		72F12A8B1FCE575400120EC8 /* CSZiroomViewMessageCell.m in Sources */ = {isa = PBXBuildFile; fileRef = 72F12A8A1FCE575400120EC8 /* CSZiroomViewMessageCell.m */; };
		72F12A8E1FCE578000120EC8 /* CSZiroomBusnissManage.m in Sources */ = {isa = PBXBuildFile; fileRef = 72F12A8D1FCE578000120EC8 /* CSZiroomBusnissManage.m */; };
		72F12A911FCE57B300120EC8 /* CSZiroomHeadViewModel.m in Sources */ = {isa = PBXBuildFile; fileRef = 72F12A901FCE57B300120EC8 /* CSZiroomHeadViewModel.m */; };
		72F12A941FCE5FEA00120EC8 /* LoginViewController.m in Sources */ = {isa = PBXBuildFile; fileRef = 72F12A931FCE5FEA00120EC8 /* LoginViewController.m */; };
		72F12A971FCE8F1500120EC8 /* CSMeHeadView.m in Sources */ = {isa = PBXBuildFile; fileRef = 72F12A961FCE8F1500120EC8 /* CSMeHeadView.m */; };
		72F12A9A1FCE8F5A00120EC8 /* CSMeCell.m in Sources */ = {isa = PBXBuildFile; fileRef = 72F12A991FCE8F5A00120EC8 /* CSMeCell.m */; };
		72F12A9D1FCE8F7400120EC8 /* CSMeFootView.m in Sources */ = {isa = PBXBuildFile; fileRef = 72F12A9C1FCE8F7400120EC8 /* CSMeFootView.m */; };
		72F12AA01FCE8FA800120EC8 /* CSMeBusinessManage.m in Sources */ = {isa = PBXBuildFile; fileRef = 72F12A9F1FCE8FA800120EC8 /* CSMeBusinessManage.m */; };
		72F12AA31FCE8FCA00120EC8 /* CSMeHeadViewModel.m in Sources */ = {isa = PBXBuildFile; fileRef = 72F12AA21FCE8FCA00120EC8 /* CSMeHeadViewModel.m */; };
		72F12AA61FCE91DB00120EC8 /* BaseViewController.m in Sources */ = {isa = PBXBuildFile; fileRef = 72F12AA51FCE91DB00120EC8 /* BaseViewController.m */; };
		72F12AA91FCECCB900120EC8 /* CSPersonInfoViewController.m in Sources */ = {isa = PBXBuildFile; fileRef = 72F12AA81FCECCB900120EC8 /* CSPersonInfoViewController.m */; };
		72F12AAC1FCECD6F00120EC8 /* CSPersonInfoCell.m in Sources */ = {isa = PBXBuildFile; fileRef = 72F12AAB1FCECD6F00120EC8 /* CSPersonInfoCell.m */; };
		72F12AAF1FCECDAE00120EC8 /* CSPersonInfoBusinessManage.m in Sources */ = {isa = PBXBuildFile; fileRef = 72F12AAE1FCECDAE00120EC8 /* CSPersonInfoBusinessManage.m */; };
		72F12AB21FCED39400120EC8 /* baseNavViewController.m in Sources */ = {isa = PBXBuildFile; fileRef = 72F12AB11FCED39400120EC8 /* baseNavViewController.m */; };
		72FA2E131FD26B0400532BAC /* CSDataSave.m in Sources */ = {isa = PBXBuildFile; fileRef = 72FA2E121FD26B0400532BAC /* CSDataSave.m */; };
		72FA2E191FD2767800532BAC /* CSOrganizationChartHeadView.m in Sources */ = {isa = PBXBuildFile; fileRef = 72FA2E181FD2767800532BAC /* CSOrganizationChartHeadView.m */; };
		72FA2E1C1FD2773E00532BAC /* CSOrganizationChartHeadCell.m in Sources */ = {isa = PBXBuildFile; fileRef = 72FA2E1B1FD2773E00532BAC /* CSOrganizationChartHeadCell.m */; };
		72FA2E1F1FD2802D00532BAC /* CSOrganizationChartView.m in Sources */ = {isa = PBXBuildFile; fileRef = 72FA2E1E1FD2802D00532BAC /* CSOrganizationChartView.m */; };
		72FA2E221FD2805500532BAC /* CSOrganizationChartOrgCell.m in Sources */ = {isa = PBXBuildFile; fileRef = 72FA2E211FD2805500532BAC /* CSOrganizationChartOrgCell.m */; };
		72FA2E251FD2831500532BAC /* CSOrganizationChartPersonCell.m in Sources */ = {isa = PBXBuildFile; fileRef = 72FA2E241FD2831500532BAC /* CSOrganizationChartPersonCell.m */; };
		72FA2E291FD2B18700532BAC /* CSSearchView.m in Sources */ = {isa = PBXBuildFile; fileRef = 72FA2E281FD2B18700532BAC /* CSSearchView.m */; };
		72FA2E2C1FD2BDEF00532BAC /* CSPersonManageViewController.m in Sources */ = {isa = PBXBuildFile; fileRef = 72FA2E2B1FD2BDEF00532BAC /* CSPersonManageViewController.m */; };
		72FA2E2F1FD2BE1C00532BAC /* CSOrganizationViewController.m in Sources */ = {isa = PBXBuildFile; fileRef = 72FA2E2E1FD2BE1C00532BAC /* CSOrganizationViewController.m */; };
		72FA2E321FD2C94900532BAC /* CSOrganizationAddViewController.m in Sources */ = {isa = PBXBuildFile; fileRef = 72FA2E311FD2C94900532BAC /* CSOrganizationAddViewController.m */; };
		72FA2E351FD2C96100532BAC /* CSOrganizationSelPersonViewController.m in Sources */ = {isa = PBXBuildFile; fileRef = 72FA2E341FD2C96100532BAC /* CSOrganizationSelPersonViewController.m */; };
		B2B81E3E1FCEAEED00E59076 /* CSMenuButton.m in Sources */ = {isa = PBXBuildFile; fileRef = B2B81E3D1FCEAEED00E59076 /* CSMenuButton.m */; };
		B2B81E411FCEB15500E59076 /* UIView+ViewProperty.m in Sources */ = {isa = PBXBuildFile; fileRef = B2B81E401FCEB15400E59076 /* UIView+ViewProperty.m */; };
		B2B81E541FCEBE7500E59076 /* TAAbstractDotView.m in Sources */ = {isa = PBXBuildFile; fileRef = B2B81E471FCEBE7500E59076 /* TAAbstractDotView.m */; };
		B2B81E551FCEBE7500E59076 /* TAAnimatedDotView.m in Sources */ = {isa = PBXBuildFile; fileRef = B2B81E491FCEBE7500E59076 /* TAAnimatedDotView.m */; };
		B2B81E561FCEBE7600E59076 /* TADotView.m in Sources */ = {isa = PBXBuildFile; fileRef = B2B81E4B1FCEBE7500E59076 /* TADotView.m */; };
		B2B81E571FCEBE7600E59076 /* TAPageControl.m in Sources */ = {isa = PBXBuildFile; fileRef = B2B81E4D1FCEBE7500E59076 /* TAPageControl.m */; };
		B2B81E581FCEBE7600E59076 /* SDCollectionViewCell.m in Sources */ = {isa = PBXBuildFile; fileRef = B2B81E4F1FCEBE7500E59076 /* SDCollectionViewCell.m */; };
		B2B81E591FCEBE7600E59076 /* SDCycleScrollView.m in Sources */ = {isa = PBXBuildFile; fileRef = B2B81E511FCEBE7500E59076 /* SDCycleScrollView.m */; };
		B2B81E5A1FCEBE7600E59076 /* UIView+SDExtension.m in Sources */ = {isa = PBXBuildFile; fileRef = B2B81E531FCEBE7500E59076 /* UIView+SDExtension.m */; };
		B2B81E601FD29CBC00E59076 /* CSAnnounceListViewController.m in Sources */ = {isa = PBXBuildFile; fileRef = B2B81E5F1FD29CBC00E59076 /* CSAnnounceListViewController.m */; };
		B2B81E631FD2A40100E59076 /* CSEmpleeJoinController.m in Sources */ = {isa = PBXBuildFile; fileRef = B2B81E621FD2A40000E59076 /* CSEmpleeJoinController.m */; };
		B2B81E661FD2A67800E59076 /* CSEmpleeJoinTableViewCell.m in Sources */ = {isa = PBXBuildFile; fileRef = B2B81E651FD2A67800E59076 /* CSEmpleeJoinTableViewCell.m */; };
		B2B81E691FD2ACD000E59076 /* CSSexTableViewCell.m in Sources */ = {isa = PBXBuildFile; fileRef = B2B81E681FD2ACD000E59076 /* CSSexTableViewCell.m */; };
		B2B81E6C1FD2B4D500E59076 /* CSSelectTableViewCell.m in Sources */ = {isa = PBXBuildFile; fileRef = B2B81E6B1FD2B4D400E59076 /* CSSelectTableViewCell.m */; };
		B2B81E6F1FD2D07400E59076 /* CSParentmentListController.m in Sources */ = {isa = PBXBuildFile; fileRef = B2B81E6E1FD2D07300E59076 /* CSParentmentListController.m */; };
		B2B81E721FD2D49300E59076 /* CSParentmentListTableCell.m in Sources */ = {isa = PBXBuildFile; fileRef = B2B81E711FD2D49300E59076 /* CSParentmentListTableCell.m */; };
		B2B81E751FD2D65C00E59076 /* UIButton+EnlargeTouchArea.m in Sources */ = {isa = PBXBuildFile; fileRef = B2B81E741FD2D65C00E59076 /* UIButton+EnlargeTouchArea.m */; };
		B2B81E781FD2E13B00E59076 /* CSPositionViewController.m in Sources */ = {isa = PBXBuildFile; fileRef = B2B81E771FD2E13B00E59076 /* CSPositionViewController.m */; };
		B2B81E7B1FD3DEA300E59076 /* CSAnnouncementViewController.m in Sources */ = {isa = PBXBuildFile; fileRef = B2B81E7A1FD3DEA300E59076 /* CSAnnouncementViewController.m */; };
		B2B81E7E1FD3E70B00E59076 /* CSAnnounceTableViewCell.m in Sources */ = {isa = PBXBuildFile; fileRef = B2B81E7D1FD3E70B00E59076 /* CSAnnounceTableViewCell.m */; };
		B2B81E811FD3F3C400E59076 /* CSPushAnnounceViewController.m in Sources */ = {isa = PBXBuildFile; fileRef = B2B81E801FD3F3C300E59076 /* CSPushAnnounceViewController.m */; };
		E32940EE09A6211C87E8B308 /* libPods-CSProductTests.a in Frameworks */ = {isa = PBXBuildFile; fileRef = 90F43AD344B86D7E573A9ECF /* libPods-CSProductTests.a */; };
/* End PBXBuildFile section */

/* Begin PBXContainerItemProxy section */
		7247F5631FCA8A2B00B0DEAE /* PBXContainerItemProxy */ = {
			isa = PBXContainerItemProxy;
			containerPortal = 7247F5421FCA8A2A00B0DEAE /* Project object */;
			proxyType = 1;
			remoteGlobalIDString = 7247F5491FCA8A2A00B0DEAE;
			remoteInfo = CSProduct;
		};
		7247F56E1FCA8A2B00B0DEAE /* PBXContainerItemProxy */ = {
			isa = PBXContainerItemProxy;
			containerPortal = 7247F5421FCA8A2A00B0DEAE /* Project object */;
			proxyType = 1;
			remoteGlobalIDString = 7247F5491FCA8A2A00B0DEAE;
			remoteInfo = CSProduct;
		};
/* End PBXContainerItemProxy section */

/* Begin PBXFileReference section */
		53F3E964E3498B58544F326D /* Pods-CSProductTests.release.xcconfig */ = {isa = PBXFileReference; includeInIndex = 1; lastKnownFileType = text.xcconfig; name = "Pods-CSProductTests.release.xcconfig"; path = "Pods/Target Support Files/Pods-CSProductTests/Pods-CSProductTests.release.xcconfig"; sourceTree = "<group>"; };
		61456582AD4F3131D60A9BEE /* Pods-CSProduct.debug.xcconfig */ = {isa = PBXFileReference; includeInIndex = 1; lastKnownFileType = text.xcconfig; name = "Pods-CSProduct.debug.xcconfig"; path = "Pods/Target Support Files/Pods-CSProduct/Pods-CSProduct.debug.xcconfig"; sourceTree = "<group>"; };
		6262DA7B6F97480A881C855C /* libPods-CSProduct.a */ = {isa = PBXFileReference; explicitFileType = archive.ar; includeInIndex = 0; path = "libPods-CSProduct.a"; sourceTree = BUILT_PRODUCTS_DIR; };
		721A9E041FCAD47A0056435F /* NSDictionary+null.h */ = {isa = PBXFileReference; fileEncoding = 4; lastKnownFileType = sourcecode.c.h; path = "NSDictionary+null.h"; sourceTree = "<group>"; };
		721A9E051FCAD47A0056435F /* NSDictionary+null.m */ = {isa = PBXFileReference; fileEncoding = 4; lastKnownFileType = sourcecode.c.objc; path = "NSDictionary+null.m"; sourceTree = "<group>"; };
		721C810D1FCD4C7900AF6E9D /* UIView+ZRToast.m */ = {isa = PBXFileReference; fileEncoding = 4; lastKnownFileType = sourcecode.c.objc; path = "UIView+ZRToast.m"; sourceTree = "<group>"; };
		721C810E1FCD4C7900AF6E9D /* UIView+ZRToast.h */ = {isa = PBXFileReference; fileEncoding = 4; lastKnownFileType = sourcecode.c.h; path = "UIView+ZRToast.h"; sourceTree = "<group>"; };
		721C81181FCD57BD00AF6E9D /* CSZiroomViewController.h */ = {isa = PBXFileReference; lastKnownFileType = sourcecode.c.h; path = CSZiroomViewController.h; sourceTree = "<group>"; };
		721C81191FCD57BD00AF6E9D /* CSZiroomViewController.m */ = {isa = PBXFileReference; lastKnownFileType = sourcecode.c.objc; path = CSZiroomViewController.m; sourceTree = "<group>"; };
		721C81231FCD583700AF6E9D /* CSAddressBookViewController.h */ = {isa = PBXFileReference; lastKnownFileType = sourcecode.c.h; path = CSAddressBookViewController.h; sourceTree = "<group>"; };
		721C81241FCD583700AF6E9D /* CSAddressBookViewController.m */ = {isa = PBXFileReference; lastKnownFileType = sourcecode.c.objc; path = CSAddressBookViewController.m; sourceTree = "<group>"; };
		721C81261FCD584B00AF6E9D /* CSMeViewController.h */ = {isa = PBXFileReference; lastKnownFileType = sourcecode.c.h; path = CSMeViewController.h; sourceTree = "<group>"; };
		721C81271FCD584B00AF6E9D /* CSMeViewController.m */ = {isa = PBXFileReference; lastKnownFileType = sourcecode.c.objc; path = CSMeViewController.m; sourceTree = "<group>"; };
		721C81291FCD666200AF6E9D /* rootTabBarController.h */ = {isa = PBXFileReference; lastKnownFileType = sourcecode.c.h; path = rootTabBarController.h; sourceTree = "<group>"; };
		721C812A1FCD666200AF6E9D /* rootTabBarController.m */ = {isa = PBXFileReference; lastKnownFileType = sourcecode.c.objc; path = rootTabBarController.m; sourceTree = "<group>"; };
		722D3CA61FD3A6EB0053B192 /* CSWebRequestSets.h */ = {isa = PBXFileReference; lastKnownFileType = sourcecode.c.h; path = CSWebRequestSets.h; sourceTree = "<group>"; };
		722D3CAA1FD3AB0E0053B192 /* CSLoginBusinessManage.h */ = {isa = PBXFileReference; lastKnownFileType = sourcecode.c.h; path = CSLoginBusinessManage.h; sourceTree = "<group>"; };
		722D3CAB1FD3AB0E0053B192 /* CSLoginBusinessManage.m */ = {isa = PBXFileReference; lastKnownFileType = sourcecode.c.objc; path = CSLoginBusinessManage.m; sourceTree = "<group>"; };
		722D3CAD1FD3C6EB0053B192 /* CSPersonInfoModel.h */ = {isa = PBXFileReference; lastKnownFileType = sourcecode.c.h; path = CSPersonInfoModel.h; sourceTree = "<group>"; };
		722D3CAE1FD3C6EB0053B192 /* CSPersonInfoModel.m */ = {isa = PBXFileReference; lastKnownFileType = sourcecode.c.objc; path = CSPersonInfoModel.m; sourceTree = "<group>"; };
		722D3CB01FD3EB7E0053B192 /* CSOrganizationAddOriNameCell.h */ = {isa = PBXFileReference; lastKnownFileType = sourcecode.c.h; path = CSOrganizationAddOriNameCell.h; sourceTree = "<group>"; };
		722D3CB11FD3EB7E0053B192 /* CSOrganizationAddOriNameCell.m */ = {isa = PBXFileReference; lastKnownFileType = sourcecode.c.objc; path = CSOrganizationAddOriNameCell.m; sourceTree = "<group>"; };
		722D3CB31FD3EB920053B192 /* CSOrganizationAddOriTipsCell.h */ = {isa = PBXFileReference; lastKnownFileType = sourcecode.c.h; path = CSOrganizationAddOriTipsCell.h; sourceTree = "<group>"; };
		722D3CB41FD3EB920053B192 /* CSOrganizationAddOriTipsCell.m */ = {isa = PBXFileReference; lastKnownFileType = sourcecode.c.objc; path = CSOrganizationAddOriTipsCell.m; sourceTree = "<group>"; };
		722D3CB61FD3EBA50053B192 /* CSOrganizationAddSelCell.h */ = {isa = PBXFileReference; lastKnownFileType = sourcecode.c.h; path = CSOrganizationAddSelCell.h; sourceTree = "<group>"; };
		722D3CB71FD3EBA50053B192 /* CSOrganizationAddSelCell.m */ = {isa = PBXFileReference; lastKnownFileType = sourcecode.c.objc; path = CSOrganizationAddSelCell.m; sourceTree = "<group>"; };
		722D3CB91FD410170053B192 /* CSLoginModel.h */ = {isa = PBXFileReference; lastKnownFileType = sourcecode.c.h; path = CSLoginModel.h; sourceTree = "<group>"; };
		722D3CBA1FD410170053B192 /* CSLoginModel.m */ = {isa = PBXFileReference; lastKnownFileType = sourcecode.c.objc; path = CSLoginModel.m; sourceTree = "<group>"; };
		7247F54A1FCA8A2A00B0DEAE /* CSProduct.app */ = {isa = PBXFileReference; explicitFileType = wrapper.application; includeInIndex = 0; path = CSProduct.app; sourceTree = BUILT_PRODUCTS_DIR; };
		7247F54D1FCA8A2A00B0DEAE /* AppDelegate.h */ = {isa = PBXFileReference; lastKnownFileType = sourcecode.c.h; path = AppDelegate.h; sourceTree = "<group>"; };
		7247F54E1FCA8A2A00B0DEAE /* AppDelegate.m */ = {isa = PBXFileReference; lastKnownFileType = sourcecode.c.objc; path = AppDelegate.m; sourceTree = "<group>"; };
		7247F5501FCA8A2B00B0DEAE /* ViewController.h */ = {isa = PBXFileReference; lastKnownFileType = sourcecode.c.h; path = ViewController.h; sourceTree = "<group>"; };
		7247F5511FCA8A2B00B0DEAE /* ViewController.m */ = {isa = PBXFileReference; lastKnownFileType = sourcecode.c.objc; path = ViewController.m; sourceTree = "<group>"; };
		7247F5541FCA8A2B00B0DEAE /* Base */ = {isa = PBXFileReference; lastKnownFileType = file.storyboard; name = Base; path = Base.lproj/Main.storyboard; sourceTree = "<group>"; };
		7247F5561FCA8A2B00B0DEAE /* Assets.xcassets */ = {isa = PBXFileReference; lastKnownFileType = folder.assetcatalog; path = Assets.xcassets; sourceTree = "<group>"; };
		7247F5591FCA8A2B00B0DEAE /* Base */ = {isa = PBXFileReference; lastKnownFileType = file.storyboard; name = Base; path = Base.lproj/LaunchScreen.storyboard; sourceTree = "<group>"; };
		7247F55B1FCA8A2B00B0DEAE /* Info.plist */ = {isa = PBXFileReference; lastKnownFileType = text.plist.xml; path = Info.plist; sourceTree = "<group>"; };
		7247F55C1FCA8A2B00B0DEAE /* main.m */ = {isa = PBXFileReference; lastKnownFileType = sourcecode.c.objc; path = main.m; sourceTree = "<group>"; };
		7247F5621FCA8A2B00B0DEAE /* CSProductTests.xctest */ = {isa = PBXFileReference; explicitFileType = wrapper.cfbundle; includeInIndex = 0; path = CSProductTests.xctest; sourceTree = BUILT_PRODUCTS_DIR; };
		7247F5661FCA8A2B00B0DEAE /* CSProductTests.m */ = {isa = PBXFileReference; lastKnownFileType = sourcecode.c.objc; path = CSProductTests.m; sourceTree = "<group>"; };
		7247F5681FCA8A2B00B0DEAE /* Info.plist */ = {isa = PBXFileReference; lastKnownFileType = text.plist.xml; path = Info.plist; sourceTree = "<group>"; };
		7247F56D1FCA8A2B00B0DEAE /* CSProductUITests.xctest */ = {isa = PBXFileReference; explicitFileType = wrapper.cfbundle; includeInIndex = 0; path = CSProductUITests.xctest; sourceTree = BUILT_PRODUCTS_DIR; };
		7247F5711FCA8A2B00B0DEAE /* CSProductUITests.m */ = {isa = PBXFileReference; lastKnownFileType = sourcecode.c.objc; path = CSProductUITests.m; sourceTree = "<group>"; };
		7247F5731FCA8A2B00B0DEAE /* Info.plist */ = {isa = PBXFileReference; lastKnownFileType = text.plist.xml; path = Info.plist; sourceTree = "<group>"; };
		7247F5811FCAA0DF00B0DEAE /* CSRequest.m */ = {isa = PBXFileReference; fileEncoding = 4; lastKnownFileType = sourcecode.c.objc; path = CSRequest.m; sourceTree = "<group>"; };
		7247F5821FCAA0DF00B0DEAE /* CSUrlArgumentsFilter.h */ = {isa = PBXFileReference; fileEncoding = 4; lastKnownFileType = sourcecode.c.h; path = CSUrlArgumentsFilter.h; sourceTree = "<group>"; };
		7247F5831FCAA0DF00B0DEAE /* CSUrlArgumentsFilter.m */ = {isa = PBXFileReference; fileEncoding = 4; lastKnownFileType = sourcecode.c.objc; path = CSUrlArgumentsFilter.m; sourceTree = "<group>"; };
		7247F5841FCAA0DF00B0DEAE /* CSNetWorkConfig.m */ = {isa = PBXFileReference; fileEncoding = 4; lastKnownFileType = sourcecode.c.objc; path = CSNetWorkConfig.m; sourceTree = "<group>"; };
		7247F5851FCAA0DF00B0DEAE /* CSHttpClient.h */ = {isa = PBXFileReference; fileEncoding = 4; lastKnownFileType = sourcecode.c.h; path = CSHttpClient.h; sourceTree = "<group>"; };
		7247F5861FCAA0DF00B0DEAE /* CSNetworkAgent.m */ = {isa = PBXFileReference; fileEncoding = 4; lastKnownFileType = sourcecode.c.objc; path = CSNetworkAgent.m; sourceTree = "<group>"; };
		7247F5871FCAA0DF00B0DEAE /* CSBaseRequest.m */ = {isa = PBXFileReference; fileEncoding = 4; lastKnownFileType = sourcecode.c.objc; path = CSBaseRequest.m; sourceTree = "<group>"; };
		7247F5881FCAA0DF00B0DEAE /* CSHttpClient.m */ = {isa = PBXFileReference; fileEncoding = 4; lastKnownFileType = sourcecode.c.objc; path = CSHttpClient.m; sourceTree = "<group>"; };
		7247F5891FCAA0DF00B0DEAE /* CSNetworkPrivate.h */ = {isa = PBXFileReference; fileEncoding = 4; lastKnownFileType = sourcecode.c.h; path = CSNetworkPrivate.h; sourceTree = "<group>"; };
		7247F58A1FCAA0DF00B0DEAE /* CSNetManger.m */ = {isa = PBXFileReference; fileEncoding = 4; lastKnownFileType = sourcecode.c.objc; path = CSNetManger.m; sourceTree = "<group>"; };
		7247F58B1FCAA0DF00B0DEAE /* CSNetWorkConfig.h */ = {isa = PBXFileReference; fileEncoding = 4; lastKnownFileType = sourcecode.c.h; path = CSNetWorkConfig.h; sourceTree = "<group>"; };
		7247F58C1FCAA0E000B0DEAE /* CSBaseRequest.h */ = {isa = PBXFileReference; fileEncoding = 4; lastKnownFileType = sourcecode.c.h; path = CSBaseRequest.h; sourceTree = "<group>"; };
		7247F58D1FCAA0E000B0DEAE /* CSNetworkAgent.h */ = {isa = PBXFileReference; fileEncoding = 4; lastKnownFileType = sourcecode.c.h; path = CSNetworkAgent.h; sourceTree = "<group>"; };
		7247F58E1FCAA0E000B0DEAE /* CSNetManger.h */ = {isa = PBXFileReference; fileEncoding = 4; lastKnownFileType = sourcecode.c.h; path = CSNetManger.h; sourceTree = "<group>"; };
		7247F58F1FCAA0E000B0DEAE /* CSRequest.h */ = {isa = PBXFileReference; fileEncoding = 4; lastKnownFileType = sourcecode.c.h; path = CSRequest.h; sourceTree = "<group>"; };
		7247F5901FCAA0E000B0DEAE /* CSNetworkPrivate.m */ = {isa = PBXFileReference; fileEncoding = 4; lastKnownFileType = sourcecode.c.objc; path = CSNetworkPrivate.m; sourceTree = "<group>"; };
		7247F5911FCAA0E000B0DEAE /* AFHTTPRequestOperationManager+Add.m */ = {isa = PBXFileReference; fileEncoding = 4; lastKnownFileType = sourcecode.c.objc; path = "AFHTTPRequestOperationManager+Add.m"; sourceTree = "<group>"; };
		7247F5921FCAA0E000B0DEAE /* AFHTTPRequestOperationManager+Add.h */ = {isa = PBXFileReference; fileEncoding = 4; lastKnownFileType = sourcecode.c.h; path = "AFHTTPRequestOperationManager+Add.h"; sourceTree = "<group>"; };
		7247F59E1FCAA33100B0DEAE /* CSNetworkLogModel.h */ = {isa = PBXFileReference; lastKnownFileType = sourcecode.c.h; path = CSNetworkLogModel.h; sourceTree = "<group>"; };
		7247F59F1FCAA33100B0DEAE /* CSNetworkLogModel.m */ = {isa = PBXFileReference; lastKnownFileType = sourcecode.c.objc; path = CSNetworkLogModel.m; sourceTree = "<group>"; };
		7247F5A21FCAB9DB00B0DEAE /* CSDefine.h */ = {isa = PBXFileReference; lastKnownFileType = sourcecode.c.h; path = CSDefine.h; sourceTree = "<group>"; };
		7247F5A51FCABD2700B0DEAE /* CSProduct.pch */ = {isa = PBXFileReference; lastKnownFileType = sourcecode.c.h; path = CSProduct.pch; sourceTree = "<group>"; };
		7247F5A81FCACEBC00B0DEAE /* CSBaseService.h */ = {isa = PBXFileReference; lastKnownFileType = sourcecode.c.h; path = CSBaseService.h; sourceTree = "<group>"; };
		7247F5A91FCACEBC00B0DEAE /* CSBaseService.m */ = {isa = PBXFileReference; lastKnownFileType = sourcecode.c.objc; path = CSBaseService.m; sourceTree = "<group>"; };
		7247F5AB1FCACFEE00B0DEAE /* CSWebRequest.h */ = {isa = PBXFileReference; lastKnownFileType = sourcecode.c.h; path = CSWebRequest.h; sourceTree = "<group>"; };
		7247F5AC1FCACFEE00B0DEAE /* CSWebRequest.m */ = {isa = PBXFileReference; lastKnownFileType = sourcecode.c.objc; path = CSWebRequest.m; sourceTree = "<group>"; };
		728D20B21FCD67A300057177 /* CSMeNavController.h */ = {isa = PBXFileReference; lastKnownFileType = sourcecode.c.h; path = CSMeNavController.h; sourceTree = "<group>"; };
		728D20B31FCD67A300057177 /* CSMeNavController.m */ = {isa = PBXFileReference; lastKnownFileType = sourcecode.c.objc; path = CSMeNavController.m; sourceTree = "<group>"; };
		728D20B51FCD67C300057177 /* CSAddressBookNavController.h */ = {isa = PBXFileReference; lastKnownFileType = sourcecode.c.h; path = CSAddressBookNavController.h; sourceTree = "<group>"; };
		728D20B61FCD67C300057177 /* CSAddressBookNavController.m */ = {isa = PBXFileReference; lastKnownFileType = sourcecode.c.objc; path = CSAddressBookNavController.m; sourceTree = "<group>"; };
		728D20B81FCD67D600057177 /* CSZiroomNavController.h */ = {isa = PBXFileReference; lastKnownFileType = sourcecode.c.h; path = CSZiroomNavController.h; sourceTree = "<group>"; };
		728D20B91FCD67D600057177 /* CSZiroomNavController.m */ = {isa = PBXFileReference; lastKnownFileType = sourcecode.c.objc; path = CSZiroomNavController.m; sourceTree = "<group>"; };
		72F12A7D1FCE516F00120EC8 /* WelComeView.h */ = {isa = PBXFileReference; lastKnownFileType = sourcecode.c.h; path = WelComeView.h; sourceTree = "<group>"; };
		72F12A7E1FCE516F00120EC8 /* WelComeView.m */ = {isa = PBXFileReference; lastKnownFileType = sourcecode.c.objc; path = WelComeView.m; sourceTree = "<group>"; };
		72F12A831FCE570400120EC8 /* CSZiroomHomeHeadView.h */ = {isa = PBXFileReference; lastKnownFileType = sourcecode.c.h; path = CSZiroomHomeHeadView.h; sourceTree = "<group>"; };
		72F12A841FCE570400120EC8 /* CSZiroomHomeHeadView.m */ = {isa = PBXFileReference; lastKnownFileType = sourcecode.c.objc; path = CSZiroomHomeHeadView.m; sourceTree = "<group>"; };
		72F12A861FCE574000120EC8 /* CSZiroomViewFunctionCell.h */ = {isa = PBXFileReference; lastKnownFileType = sourcecode.c.h; path = CSZiroomViewFunctionCell.h; sourceTree = "<group>"; };
		72F12A871FCE574000120EC8 /* CSZiroomViewFunctionCell.m */ = {isa = PBXFileReference; lastKnownFileType = sourcecode.c.objc; path = CSZiroomViewFunctionCell.m; sourceTree = "<group>"; };
		72F12A891FCE575400120EC8 /* CSZiroomViewMessageCell.h */ = {isa = PBXFileReference; lastKnownFileType = sourcecode.c.h; path = CSZiroomViewMessageCell.h; sourceTree = "<group>"; };
		72F12A8A1FCE575400120EC8 /* CSZiroomViewMessageCell.m */ = {isa = PBXFileReference; lastKnownFileType = sourcecode.c.objc; path = CSZiroomViewMessageCell.m; sourceTree = "<group>"; };
		72F12A8C1FCE578000120EC8 /* CSZiroomBusnissManage.h */ = {isa = PBXFileReference; lastKnownFileType = sourcecode.c.h; path = CSZiroomBusnissManage.h; sourceTree = "<group>"; };
		72F12A8D1FCE578000120EC8 /* CSZiroomBusnissManage.m */ = {isa = PBXFileReference; lastKnownFileType = sourcecode.c.objc; path = CSZiroomBusnissManage.m; sourceTree = "<group>"; };
		72F12A8F1FCE57B300120EC8 /* CSZiroomHeadViewModel.h */ = {isa = PBXFileReference; lastKnownFileType = sourcecode.c.h; path = CSZiroomHeadViewModel.h; sourceTree = "<group>"; };
		72F12A901FCE57B300120EC8 /* CSZiroomHeadViewModel.m */ = {isa = PBXFileReference; lastKnownFileType = sourcecode.c.objc; path = CSZiroomHeadViewModel.m; sourceTree = "<group>"; };
		72F12A921FCE5FEA00120EC8 /* LoginViewController.h */ = {isa = PBXFileReference; lastKnownFileType = sourcecode.c.h; path = LoginViewController.h; sourceTree = "<group>"; };
		72F12A931FCE5FEA00120EC8 /* LoginViewController.m */ = {isa = PBXFileReference; lastKnownFileType = sourcecode.c.objc; path = LoginViewController.m; sourceTree = "<group>"; };
		72F12A951FCE8F1500120EC8 /* CSMeHeadView.h */ = {isa = PBXFileReference; lastKnownFileType = sourcecode.c.h; path = CSMeHeadView.h; sourceTree = "<group>"; };
		72F12A961FCE8F1500120EC8 /* CSMeHeadView.m */ = {isa = PBXFileReference; lastKnownFileType = sourcecode.c.objc; path = CSMeHeadView.m; sourceTree = "<group>"; };
		72F12A981FCE8F5A00120EC8 /* CSMeCell.h */ = {isa = PBXFileReference; lastKnownFileType = sourcecode.c.h; path = CSMeCell.h; sourceTree = "<group>"; };
		72F12A991FCE8F5A00120EC8 /* CSMeCell.m */ = {isa = PBXFileReference; lastKnownFileType = sourcecode.c.objc; path = CSMeCell.m; sourceTree = "<group>"; };
		72F12A9B1FCE8F7400120EC8 /* CSMeFootView.h */ = {isa = PBXFileReference; lastKnownFileType = sourcecode.c.h; path = CSMeFootView.h; sourceTree = "<group>"; };
		72F12A9C1FCE8F7400120EC8 /* CSMeFootView.m */ = {isa = PBXFileReference; lastKnownFileType = sourcecode.c.objc; path = CSMeFootView.m; sourceTree = "<group>"; };
		72F12A9E1FCE8FA800120EC8 /* CSMeBusinessManage.h */ = {isa = PBXFileReference; lastKnownFileType = sourcecode.c.h; path = CSMeBusinessManage.h; sourceTree = "<group>"; };
		72F12A9F1FCE8FA800120EC8 /* CSMeBusinessManage.m */ = {isa = PBXFileReference; lastKnownFileType = sourcecode.c.objc; path = CSMeBusinessManage.m; sourceTree = "<group>"; };
		72F12AA11FCE8FCA00120EC8 /* CSMeHeadViewModel.h */ = {isa = PBXFileReference; lastKnownFileType = sourcecode.c.h; path = CSMeHeadViewModel.h; sourceTree = "<group>"; };
		72F12AA21FCE8FCA00120EC8 /* CSMeHeadViewModel.m */ = {isa = PBXFileReference; lastKnownFileType = sourcecode.c.objc; path = CSMeHeadViewModel.m; sourceTree = "<group>"; };
		72F12AA41FCE91DB00120EC8 /* BaseViewController.h */ = {isa = PBXFileReference; lastKnownFileType = sourcecode.c.h; path = BaseViewController.h; sourceTree = "<group>"; };
		72F12AA51FCE91DB00120EC8 /* BaseViewController.m */ = {isa = PBXFileReference; lastKnownFileType = sourcecode.c.objc; path = BaseViewController.m; sourceTree = "<group>"; };
		72F12AA71FCECCB900120EC8 /* CSPersonInfoViewController.h */ = {isa = PBXFileReference; lastKnownFileType = sourcecode.c.h; path = CSPersonInfoViewController.h; sourceTree = "<group>"; };
		72F12AA81FCECCB900120EC8 /* CSPersonInfoViewController.m */ = {isa = PBXFileReference; lastKnownFileType = sourcecode.c.objc; path = CSPersonInfoViewController.m; sourceTree = "<group>"; };
		72F12AAA1FCECD6F00120EC8 /* CSPersonInfoCell.h */ = {isa = PBXFileReference; lastKnownFileType = sourcecode.c.h; path = CSPersonInfoCell.h; sourceTree = "<group>"; };
		72F12AAB1FCECD6F00120EC8 /* CSPersonInfoCell.m */ = {isa = PBXFileReference; lastKnownFileType = sourcecode.c.objc; path = CSPersonInfoCell.m; sourceTree = "<group>"; };
		72F12AAD1FCECDAE00120EC8 /* CSPersonInfoBusinessManage.h */ = {isa = PBXFileReference; lastKnownFileType = sourcecode.c.h; path = CSPersonInfoBusinessManage.h; sourceTree = "<group>"; };
		72F12AAE1FCECDAE00120EC8 /* CSPersonInfoBusinessManage.m */ = {isa = PBXFileReference; lastKnownFileType = sourcecode.c.objc; path = CSPersonInfoBusinessManage.m; sourceTree = "<group>"; };
		72F12AB01FCED39400120EC8 /* baseNavViewController.h */ = {isa = PBXFileReference; lastKnownFileType = sourcecode.c.h; path = baseNavViewController.h; sourceTree = "<group>"; };
		72F12AB11FCED39400120EC8 /* baseNavViewController.m */ = {isa = PBXFileReference; lastKnownFileType = sourcecode.c.objc; path = baseNavViewController.m; sourceTree = "<group>"; };
		72FA2E111FD26B0400532BAC /* CSDataSave.h */ = {isa = PBXFileReference; lastKnownFileType = sourcecode.c.h; path = CSDataSave.h; sourceTree = "<group>"; };
		72FA2E121FD26B0400532BAC /* CSDataSave.m */ = {isa = PBXFileReference; lastKnownFileType = sourcecode.c.objc; path = CSDataSave.m; sourceTree = "<group>"; };
		72FA2E171FD2767800532BAC /* CSOrganizationChartHeadView.h */ = {isa = PBXFileReference; lastKnownFileType = sourcecode.c.h; path = CSOrganizationChartHeadView.h; sourceTree = "<group>"; };
		72FA2E181FD2767800532BAC /* CSOrganizationChartHeadView.m */ = {isa = PBXFileReference; lastKnownFileType = sourcecode.c.objc; path = CSOrganizationChartHeadView.m; sourceTree = "<group>"; };
		72FA2E1A1FD2773E00532BAC /* CSOrganizationChartHeadCell.h */ = {isa = PBXFileReference; lastKnownFileType = sourcecode.c.h; path = CSOrganizationChartHeadCell.h; sourceTree = "<group>"; };
		72FA2E1B1FD2773E00532BAC /* CSOrganizationChartHeadCell.m */ = {isa = PBXFileReference; lastKnownFileType = sourcecode.c.objc; path = CSOrganizationChartHeadCell.m; sourceTree = "<group>"; };
		72FA2E1D1FD2802D00532BAC /* CSOrganizationChartView.h */ = {isa = PBXFileReference; lastKnownFileType = sourcecode.c.h; path = CSOrganizationChartView.h; sourceTree = "<group>"; };
		72FA2E1E1FD2802D00532BAC /* CSOrganizationChartView.m */ = {isa = PBXFileReference; lastKnownFileType = sourcecode.c.objc; path = CSOrganizationChartView.m; sourceTree = "<group>"; };
		72FA2E201FD2805500532BAC /* CSOrganizationChartOrgCell.h */ = {isa = PBXFileReference; lastKnownFileType = sourcecode.c.h; path = CSOrganizationChartOrgCell.h; sourceTree = "<group>"; };
		72FA2E211FD2805500532BAC /* CSOrganizationChartOrgCell.m */ = {isa = PBXFileReference; lastKnownFileType = sourcecode.c.objc; path = CSOrganizationChartOrgCell.m; sourceTree = "<group>"; };
		72FA2E231FD2831500532BAC /* CSOrganizationChartPersonCell.h */ = {isa = PBXFileReference; lastKnownFileType = sourcecode.c.h; path = CSOrganizationChartPersonCell.h; sourceTree = "<group>"; };
		72FA2E241FD2831500532BAC /* CSOrganizationChartPersonCell.m */ = {isa = PBXFileReference; lastKnownFileType = sourcecode.c.objc; path = CSOrganizationChartPersonCell.m; sourceTree = "<group>"; };
		72FA2E271FD2B18700532BAC /* CSSearchView.h */ = {isa = PBXFileReference; lastKnownFileType = sourcecode.c.h; path = CSSearchView.h; sourceTree = "<group>"; };
		72FA2E281FD2B18700532BAC /* CSSearchView.m */ = {isa = PBXFileReference; lastKnownFileType = sourcecode.c.objc; path = CSSearchView.m; sourceTree = "<group>"; };
		72FA2E2A1FD2BDEF00532BAC /* CSPersonManageViewController.h */ = {isa = PBXFileReference; lastKnownFileType = sourcecode.c.h; path = CSPersonManageViewController.h; sourceTree = "<group>"; };
		72FA2E2B1FD2BDEF00532BAC /* CSPersonManageViewController.m */ = {isa = PBXFileReference; lastKnownFileType = sourcecode.c.objc; path = CSPersonManageViewController.m; sourceTree = "<group>"; };
		72FA2E2D1FD2BE1C00532BAC /* CSOrganizationViewController.h */ = {isa = PBXFileReference; lastKnownFileType = sourcecode.c.h; path = CSOrganizationViewController.h; sourceTree = "<group>"; };
		72FA2E2E1FD2BE1C00532BAC /* CSOrganizationViewController.m */ = {isa = PBXFileReference; lastKnownFileType = sourcecode.c.objc; path = CSOrganizationViewController.m; sourceTree = "<group>"; };
		72FA2E301FD2C94900532BAC /* CSOrganizationAddViewController.h */ = {isa = PBXFileReference; lastKnownFileType = sourcecode.c.h; path = CSOrganizationAddViewController.h; sourceTree = "<group>"; };
		72FA2E311FD2C94900532BAC /* CSOrganizationAddViewController.m */ = {isa = PBXFileReference; lastKnownFileType = sourcecode.c.objc; path = CSOrganizationAddViewController.m; sourceTree = "<group>"; };
		72FA2E331FD2C96100532BAC /* CSOrganizationSelPersonViewController.h */ = {isa = PBXFileReference; lastKnownFileType = sourcecode.c.h; path = CSOrganizationSelPersonViewController.h; sourceTree = "<group>"; };
		72FA2E341FD2C96100532BAC /* CSOrganizationSelPersonViewController.m */ = {isa = PBXFileReference; lastKnownFileType = sourcecode.c.objc; path = CSOrganizationSelPersonViewController.m; sourceTree = "<group>"; };
		90F43AD344B86D7E573A9ECF /* libPods-CSProductTests.a */ = {isa = PBXFileReference; explicitFileType = archive.ar; includeInIndex = 0; path = "libPods-CSProductTests.a"; sourceTree = BUILT_PRODUCTS_DIR; };
		B2B81E3C1FCEAEED00E59076 /* CSMenuButton.h */ = {isa = PBXFileReference; lastKnownFileType = sourcecode.c.h; path = CSMenuButton.h; sourceTree = "<group>"; };
		B2B81E3D1FCEAEED00E59076 /* CSMenuButton.m */ = {isa = PBXFileReference; lastKnownFileType = sourcecode.c.objc; path = CSMenuButton.m; sourceTree = "<group>"; };
		B2B81E3F1FCEB15400E59076 /* UIView+ViewProperty.h */ = {isa = PBXFileReference; lastKnownFileType = sourcecode.c.h; path = "UIView+ViewProperty.h"; sourceTree = "<group>"; };
		B2B81E401FCEB15400E59076 /* UIView+ViewProperty.m */ = {isa = PBXFileReference; lastKnownFileType = sourcecode.c.objc; path = "UIView+ViewProperty.m"; sourceTree = "<group>"; };
		B2B81E461FCEBE7500E59076 /* TAAbstractDotView.h */ = {isa = PBXFileReference; fileEncoding = 4; lastKnownFileType = sourcecode.c.h; path = TAAbstractDotView.h; sourceTree = "<group>"; };
		B2B81E471FCEBE7500E59076 /* TAAbstractDotView.m */ = {isa = PBXFileReference; fileEncoding = 4; lastKnownFileType = sourcecode.c.objc; path = TAAbstractDotView.m; sourceTree = "<group>"; };
		B2B81E481FCEBE7500E59076 /* TAAnimatedDotView.h */ = {isa = PBXFileReference; fileEncoding = 4; lastKnownFileType = sourcecode.c.h; path = TAAnimatedDotView.h; sourceTree = "<group>"; };
		B2B81E491FCEBE7500E59076 /* TAAnimatedDotView.m */ = {isa = PBXFileReference; fileEncoding = 4; lastKnownFileType = sourcecode.c.objc; path = TAAnimatedDotView.m; sourceTree = "<group>"; };
		B2B81E4A1FCEBE7500E59076 /* TADotView.h */ = {isa = PBXFileReference; fileEncoding = 4; lastKnownFileType = sourcecode.c.h; path = TADotView.h; sourceTree = "<group>"; };
		B2B81E4B1FCEBE7500E59076 /* TADotView.m */ = {isa = PBXFileReference; fileEncoding = 4; lastKnownFileType = sourcecode.c.objc; path = TADotView.m; sourceTree = "<group>"; };
		B2B81E4C1FCEBE7500E59076 /* TAPageControl.h */ = {isa = PBXFileReference; fileEncoding = 4; lastKnownFileType = sourcecode.c.h; path = TAPageControl.h; sourceTree = "<group>"; };
		B2B81E4D1FCEBE7500E59076 /* TAPageControl.m */ = {isa = PBXFileReference; fileEncoding = 4; lastKnownFileType = sourcecode.c.objc; path = TAPageControl.m; sourceTree = "<group>"; };
		B2B81E4E1FCEBE7500E59076 /* SDCollectionViewCell.h */ = {isa = PBXFileReference; fileEncoding = 4; lastKnownFileType = sourcecode.c.h; path = SDCollectionViewCell.h; sourceTree = "<group>"; };
		B2B81E4F1FCEBE7500E59076 /* SDCollectionViewCell.m */ = {isa = PBXFileReference; fileEncoding = 4; lastKnownFileType = sourcecode.c.objc; path = SDCollectionViewCell.m; sourceTree = "<group>"; };
		B2B81E501FCEBE7500E59076 /* SDCycleScrollView.h */ = {isa = PBXFileReference; fileEncoding = 4; lastKnownFileType = sourcecode.c.h; path = SDCycleScrollView.h; sourceTree = "<group>"; };
		B2B81E511FCEBE7500E59076 /* SDCycleScrollView.m */ = {isa = PBXFileReference; fileEncoding = 4; lastKnownFileType = sourcecode.c.objc; path = SDCycleScrollView.m; sourceTree = "<group>"; };
		B2B81E521FCEBE7500E59076 /* UIView+SDExtension.h */ = {isa = PBXFileReference; fileEncoding = 4; lastKnownFileType = sourcecode.c.h; path = "UIView+SDExtension.h"; sourceTree = "<group>"; };
		B2B81E531FCEBE7500E59076 /* UIView+SDExtension.m */ = {isa = PBXFileReference; fileEncoding = 4; lastKnownFileType = sourcecode.c.objc; path = "UIView+SDExtension.m"; sourceTree = "<group>"; };
		B2B81E5E1FD29CBC00E59076 /* CSAnnounceListViewController.h */ = {isa = PBXFileReference; fileEncoding = 4; lastKnownFileType = sourcecode.c.h; path = CSAnnounceListViewController.h; sourceTree = "<group>"; };
		B2B81E5F1FD29CBC00E59076 /* CSAnnounceListViewController.m */ = {isa = PBXFileReference; fileEncoding = 4; lastKnownFileType = sourcecode.c.objc; path = CSAnnounceListViewController.m; sourceTree = "<group>"; };
		B2B81E611FD2A40000E59076 /* CSEmpleeJoinController.h */ = {isa = PBXFileReference; lastKnownFileType = sourcecode.c.h; path = CSEmpleeJoinController.h; sourceTree = "<group>"; };
		B2B81E621FD2A40000E59076 /* CSEmpleeJoinController.m */ = {isa = PBXFileReference; lastKnownFileType = sourcecode.c.objc; path = CSEmpleeJoinController.m; sourceTree = "<group>"; };
		B2B81E641FD2A67800E59076 /* CSEmpleeJoinTableViewCell.h */ = {isa = PBXFileReference; lastKnownFileType = sourcecode.c.h; path = CSEmpleeJoinTableViewCell.h; sourceTree = "<group>"; };
		B2B81E651FD2A67800E59076 /* CSEmpleeJoinTableViewCell.m */ = {isa = PBXFileReference; lastKnownFileType = sourcecode.c.objc; path = CSEmpleeJoinTableViewCell.m; sourceTree = "<group>"; };
		B2B81E671FD2ACD000E59076 /* CSSexTableViewCell.h */ = {isa = PBXFileReference; lastKnownFileType = sourcecode.c.h; path = CSSexTableViewCell.h; sourceTree = "<group>"; };
		B2B81E681FD2ACD000E59076 /* CSSexTableViewCell.m */ = {isa = PBXFileReference; lastKnownFileType = sourcecode.c.objc; path = CSSexTableViewCell.m; sourceTree = "<group>"; };
		B2B81E6A1FD2B4D400E59076 /* CSSelectTableViewCell.h */ = {isa = PBXFileReference; lastKnownFileType = sourcecode.c.h; path = CSSelectTableViewCell.h; sourceTree = "<group>"; };
		B2B81E6B1FD2B4D400E59076 /* CSSelectTableViewCell.m */ = {isa = PBXFileReference; lastKnownFileType = sourcecode.c.objc; path = CSSelectTableViewCell.m; sourceTree = "<group>"; };
		B2B81E6D1FD2D07300E59076 /* CSParentmentListController.h */ = {isa = PBXFileReference; lastKnownFileType = sourcecode.c.h; path = CSParentmentListController.h; sourceTree = "<group>"; };
		B2B81E6E1FD2D07300E59076 /* CSParentmentListController.m */ = {isa = PBXFileReference; lastKnownFileType = sourcecode.c.objc; path = CSParentmentListController.m; sourceTree = "<group>"; };
		B2B81E701FD2D49300E59076 /* CSParentmentListTableCell.h */ = {isa = PBXFileReference; lastKnownFileType = sourcecode.c.h; path = CSParentmentListTableCell.h; sourceTree = "<group>"; };
		B2B81E711FD2D49300E59076 /* CSParentmentListTableCell.m */ = {isa = PBXFileReference; lastKnownFileType = sourcecode.c.objc; path = CSParentmentListTableCell.m; sourceTree = "<group>"; };
		B2B81E731FD2D65C00E59076 /* UIButton+EnlargeTouchArea.h */ = {isa = PBXFileReference; lastKnownFileType = sourcecode.c.h; path = "UIButton+EnlargeTouchArea.h"; sourceTree = "<group>"; };
		B2B81E741FD2D65C00E59076 /* UIButton+EnlargeTouchArea.m */ = {isa = PBXFileReference; lastKnownFileType = sourcecode.c.objc; path = "UIButton+EnlargeTouchArea.m"; sourceTree = "<group>"; };
		B2B81E761FD2E13B00E59076 /* CSPositionViewController.h */ = {isa = PBXFileReference; lastKnownFileType = sourcecode.c.h; path = CSPositionViewController.h; sourceTree = "<group>"; };
		B2B81E771FD2E13B00E59076 /* CSPositionViewController.m */ = {isa = PBXFileReference; lastKnownFileType = sourcecode.c.objc; path = CSPositionViewController.m; sourceTree = "<group>"; };
		B2B81E791FD3DEA300E59076 /* CSAnnouncementViewController.h */ = {isa = PBXFileReference; lastKnownFileType = sourcecode.c.h; path = CSAnnouncementViewController.h; sourceTree = "<group>"; };
		B2B81E7A1FD3DEA300E59076 /* CSAnnouncementViewController.m */ = {isa = PBXFileReference; lastKnownFileType = sourcecode.c.objc; path = CSAnnouncementViewController.m; sourceTree = "<group>"; };
		B2B81E7C1FD3E70B00E59076 /* CSAnnounceTableViewCell.h */ = {isa = PBXFileReference; lastKnownFileType = sourcecode.c.h; path = CSAnnounceTableViewCell.h; sourceTree = "<group>"; };
		B2B81E7D1FD3E70B00E59076 /* CSAnnounceTableViewCell.m */ = {isa = PBXFileReference; lastKnownFileType = sourcecode.c.objc; path = CSAnnounceTableViewCell.m; sourceTree = "<group>"; };
		B2B81E7F1FD3F3C300E59076 /* CSPushAnnounceViewController.h */ = {isa = PBXFileReference; lastKnownFileType = sourcecode.c.h; path = CSPushAnnounceViewController.h; sourceTree = "<group>"; };
		B2B81E801FD3F3C300E59076 /* CSPushAnnounceViewController.m */ = {isa = PBXFileReference; lastKnownFileType = sourcecode.c.objc; path = CSPushAnnounceViewController.m; sourceTree = "<group>"; };
		D014FAA323BAF380E61379B5 /* Pods-CSProductTests.debug.xcconfig */ = {isa = PBXFileReference; includeInIndex = 1; lastKnownFileType = text.xcconfig; name = "Pods-CSProductTests.debug.xcconfig"; path = "Pods/Target Support Files/Pods-CSProductTests/Pods-CSProductTests.debug.xcconfig"; sourceTree = "<group>"; };
		F0F2EA4EF2AF7AC2194DF696 /* Pods-CSProduct.release.xcconfig */ = {isa = PBXFileReference; includeInIndex = 1; lastKnownFileType = text.xcconfig; name = "Pods-CSProduct.release.xcconfig"; path = "Pods/Target Support Files/Pods-CSProduct/Pods-CSProduct.release.xcconfig"; sourceTree = "<group>"; };
/* End PBXFileReference section */

/* Begin PBXFrameworksBuildPhase section */
		7247F5471FCA8A2A00B0DEAE /* Frameworks */ = {
			isa = PBXFrameworksBuildPhase;
			buildActionMask = 2147483647;
			files = (
				4780BD49E56D12652C6D25AB /* libPods-CSProduct.a in Frameworks */,
			);
			runOnlyForDeploymentPostprocessing = 0;
		};
		7247F55F1FCA8A2B00B0DEAE /* Frameworks */ = {
			isa = PBXFrameworksBuildPhase;
			buildActionMask = 2147483647;
			files = (
				E32940EE09A6211C87E8B308 /* libPods-CSProductTests.a in Frameworks */,
			);
			runOnlyForDeploymentPostprocessing = 0;
		};
		7247F56A1FCA8A2B00B0DEAE /* Frameworks */ = {
			isa = PBXFrameworksBuildPhase;
			buildActionMask = 2147483647;
			files = (
			);
			runOnlyForDeploymentPostprocessing = 0;
		};
/* End PBXFrameworksBuildPhase section */

/* Begin PBXGroup section */
		721C810C1FCD4C4E00AF6E9D /* CSCommonControls */ = {
			isa = PBXGroup;
			children = (
				721C81101FCD51AC00AF6E9D /* CSToast */,
				B2B81E731FD2D65C00E59076 /* UIButton+EnlargeTouchArea.h */,
				B2B81E741FD2D65C00E59076 /* UIButton+EnlargeTouchArea.m */,
			);
			path = CSCommonControls;
			sourceTree = "<group>";
		};
		721C81101FCD51AC00AF6E9D /* CSToast */ = {
			isa = PBXGroup;
			children = (
				721C810E1FCD4C7900AF6E9D /* UIView+ZRToast.h */,
				721C810D1FCD4C7900AF6E9D /* UIView+ZRToast.m */,
			);
			path = CSToast;
			sourceTree = "<group>";
		};
		721C81111FCD56F300AF6E9D /* ZiroomPart */ = {
			isa = PBXGroup;
			children = (
				72F12A821FCE561B00120EC8 /* Model */,
				721C81171FCD578C00AF6E9D /* Manage */,
				721C81151FCD576800AF6E9D /* Views */,
				721C81141FCD575600AF6E9D /* Controller */,
			);
			path = ZiroomPart;
			sourceTree = "<group>";
		};
		721C81121FCD570B00AF6E9D /* AddressBookPart */ = {
			isa = PBXGroup;
			children = (
				72F12A811FCE561300120EC8 /* Model */,
				721C811E1FCD57C900AF6E9D /* Manage */,
				721C811C1FCD57C500AF6E9D /* Views */,
				721C811B1FCD57C300AF6E9D /* Controller */,
			);
			path = AddressBookPart;
			sourceTree = "<group>";
		};
		721C81131FCD574100AF6E9D /* MePart */ = {
			isa = PBXGroup;
			children = (
				72F12A801FCE560B00120EC8 /* Model */,
				721C81221FCD57D200AF6E9D /* Manage */,
				721C81201FCD57CE00AF6E9D /* Views */,
				721C811F1FCD57CC00AF6E9D /* Controller */,
			);
			path = MePart;
			sourceTree = "<group>";
		};
		721C81141FCD575600AF6E9D /* Controller */ = {
			isa = PBXGroup;
			children = (
				B2B81E5E1FD29CBC00E59076 /* CSAnnounceListViewController.h */,
				B2B81E5F1FD29CBC00E59076 /* CSAnnounceListViewController.m */,
				721C81181FCD57BD00AF6E9D /* CSZiroomViewController.h */,
				721C81191FCD57BD00AF6E9D /* CSZiroomViewController.m */,
				728D20B81FCD67D600057177 /* CSZiroomNavController.h */,
				728D20B91FCD67D600057177 /* CSZiroomNavController.m */,
				B2B81E611FD2A40000E59076 /* CSEmpleeJoinController.h */,
				B2B81E621FD2A40000E59076 /* CSEmpleeJoinController.m */,
				B2B81E6D1FD2D07300E59076 /* CSParentmentListController.h */,
				B2B81E6E1FD2D07300E59076 /* CSParentmentListController.m */,
				B2B81E761FD2E13B00E59076 /* CSPositionViewController.h */,
				B2B81E771FD2E13B00E59076 /* CSPositionViewController.m */,
				72FA2E2A1FD2BDEF00532BAC /* CSPersonManageViewController.h */,
				72FA2E2B1FD2BDEF00532BAC /* CSPersonManageViewController.m */,
				72FA2E2D1FD2BE1C00532BAC /* CSOrganizationViewController.h */,
				72FA2E2E1FD2BE1C00532BAC /* CSOrganizationViewController.m */,
				72FA2E301FD2C94900532BAC /* CSOrganizationAddViewController.h */,
				72FA2E311FD2C94900532BAC /* CSOrganizationAddViewController.m */,
				72FA2E331FD2C96100532BAC /* CSOrganizationSelPersonViewController.h */,
				72FA2E341FD2C96100532BAC /* CSOrganizationSelPersonViewController.m */,
				B2B81E791FD3DEA300E59076 /* CSAnnouncementViewController.h */,
				B2B81E7A1FD3DEA300E59076 /* CSAnnouncementViewController.m */,
				B2B81E7F1FD3F3C300E59076 /* CSPushAnnounceViewController.h */,
				B2B81E801FD3F3C300E59076 /* CSPushAnnounceViewController.m */,
			);
			path = Controller;
			sourceTree = "<group>";
		};
		721C81151FCD576800AF6E9D /* Views */ = {
			isa = PBXGroup;
			children = (
				72F12A831FCE570400120EC8 /* CSZiroomHomeHeadView.h */,
				72F12A841FCE570400120EC8 /* CSZiroomHomeHeadView.m */,
				72F12A861FCE574000120EC8 /* CSZiroomViewFunctionCell.h */,
				72F12A871FCE574000120EC8 /* CSZiroomViewFunctionCell.m */,
				72F12A891FCE575400120EC8 /* CSZiroomViewMessageCell.h */,
				72F12A8A1FCE575400120EC8 /* CSZiroomViewMessageCell.m */,
				B2B81E3C1FCEAEED00E59076 /* CSMenuButton.h */,
				B2B81E3D1FCEAEED00E59076 /* CSMenuButton.m */,
				B2B81E641FD2A67800E59076 /* CSEmpleeJoinTableViewCell.h */,
				B2B81E651FD2A67800E59076 /* CSEmpleeJoinTableViewCell.m */,
				B2B81E671FD2ACD000E59076 /* CSSexTableViewCell.h */,
				B2B81E681FD2ACD000E59076 /* CSSexTableViewCell.m */,
				B2B81E6A1FD2B4D400E59076 /* CSSelectTableViewCell.h */,
				B2B81E6B1FD2B4D400E59076 /* CSSelectTableViewCell.m */,
				B2B81E701FD2D49300E59076 /* CSParentmentListTableCell.h */,
				B2B81E711FD2D49300E59076 /* CSParentmentListTableCell.m */,
				722D3CB01FD3EB7E0053B192 /* CSOrganizationAddOriNameCell.h */,
				722D3CB11FD3EB7E0053B192 /* CSOrganizationAddOriNameCell.m */,
				722D3CB31FD3EB920053B192 /* CSOrganizationAddOriTipsCell.h */,
				722D3CB41FD3EB920053B192 /* CSOrganizationAddOriTipsCell.m */,
				722D3CB61FD3EBA50053B192 /* CSOrganizationAddSelCell.h */,
				722D3CB71FD3EBA50053B192 /* CSOrganizationAddSelCell.m */,
				B2B81E7C1FD3E70B00E59076 /* CSAnnounceTableViewCell.h */,
				B2B81E7D1FD3E70B00E59076 /* CSAnnounceTableViewCell.m */,
			);
			path = Views;
			sourceTree = "<group>";
		};
		721C81171FCD578C00AF6E9D /* Manage */ = {
			isa = PBXGroup;
			children = (
				72F12A8C1FCE578000120EC8 /* CSZiroomBusnissManage.h */,
				72F12A8D1FCE578000120EC8 /* CSZiroomBusnissManage.m */,
			);
			path = Manage;
			sourceTree = "<group>";
		};
		721C811B1FCD57C300AF6E9D /* Controller */ = {
			isa = PBXGroup;
			children = (
				721C81231FCD583700AF6E9D /* CSAddressBookViewController.h */,
				721C81241FCD583700AF6E9D /* CSAddressBookViewController.m */,
				728D20B51FCD67C300057177 /* CSAddressBookNavController.h */,
				728D20B61FCD67C300057177 /* CSAddressBookNavController.m */,
			);
			path = Controller;
			sourceTree = "<group>";
		};
		721C811C1FCD57C500AF6E9D /* Views */ = {
			isa = PBXGroup;
			children = (
				72FA2E171FD2767800532BAC /* CSOrganizationChartHeadView.h */,
				72FA2E181FD2767800532BAC /* CSOrganizationChartHeadView.m */,
				72FA2E1A1FD2773E00532BAC /* CSOrganizationChartHeadCell.h */,
				72FA2E1B1FD2773E00532BAC /* CSOrganizationChartHeadCell.m */,
				72FA2E1D1FD2802D00532BAC /* CSOrganizationChartView.h */,
				72FA2E1E1FD2802D00532BAC /* CSOrganizationChartView.m */,
				72FA2E201FD2805500532BAC /* CSOrganizationChartOrgCell.h */,
				72FA2E211FD2805500532BAC /* CSOrganizationChartOrgCell.m */,
				72FA2E231FD2831500532BAC /* CSOrganizationChartPersonCell.h */,
				72FA2E241FD2831500532BAC /* CSOrganizationChartPersonCell.m */,
			);
			path = Views;
			sourceTree = "<group>";
		};
		721C811E1FCD57C900AF6E9D /* Manage */ = {
			isa = PBXGroup;
			children = (
			);
			path = Manage;
			sourceTree = "<group>";
		};
		721C811F1FCD57CC00AF6E9D /* Controller */ = {
			isa = PBXGroup;
			children = (
				721C81261FCD584B00AF6E9D /* CSMeViewController.h */,
				721C81271FCD584B00AF6E9D /* CSMeViewController.m */,
				728D20B21FCD67A300057177 /* CSMeNavController.h */,
				728D20B31FCD67A300057177 /* CSMeNavController.m */,
				72F12A921FCE5FEA00120EC8 /* LoginViewController.h */,
				72F12A931FCE5FEA00120EC8 /* LoginViewController.m */,
				72F12AA71FCECCB900120EC8 /* CSPersonInfoViewController.h */,
				72F12AA81FCECCB900120EC8 /* CSPersonInfoViewController.m */,
			);
			path = Controller;
			sourceTree = "<group>";
		};
		721C81201FCD57CE00AF6E9D /* Views */ = {
			isa = PBXGroup;
			children = (
				72F12A951FCE8F1500120EC8 /* CSMeHeadView.h */,
				72F12A961FCE8F1500120EC8 /* CSMeHeadView.m */,
				72F12A981FCE8F5A00120EC8 /* CSMeCell.h */,
				72F12A991FCE8F5A00120EC8 /* CSMeCell.m */,
				72F12A9B1FCE8F7400120EC8 /* CSMeFootView.h */,
				72F12A9C1FCE8F7400120EC8 /* CSMeFootView.m */,
				72F12AAA1FCECD6F00120EC8 /* CSPersonInfoCell.h */,
				72F12AAB1FCECD6F00120EC8 /* CSPersonInfoCell.m */,
			);
			path = Views;
			sourceTree = "<group>";
		};
		721C81221FCD57D200AF6E9D /* Manage */ = {
			isa = PBXGroup;
			children = (
				72F12A9E1FCE8FA800120EC8 /* CSMeBusinessManage.h */,
				72F12A9F1FCE8FA800120EC8 /* CSMeBusinessManage.m */,
				72F12AAD1FCECDAE00120EC8 /* CSPersonInfoBusinessManage.h */,
				72F12AAE1FCECDAE00120EC8 /* CSPersonInfoBusinessManage.m */,
				722D3CAA1FD3AB0E0053B192 /* CSLoginBusinessManage.h */,
				722D3CAB1FD3AB0E0053B192 /* CSLoginBusinessManage.m */,
			);
			path = Manage;
			sourceTree = "<group>";
		};
		7247F5411FCA8A2A00B0DEAE = {
			isa = PBXGroup;
			children = (
				7247F54C1FCA8A2A00B0DEAE /* CSProduct */,
				7247F5651FCA8A2B00B0DEAE /* CSProductTests */,
				7247F5701FCA8A2B00B0DEAE /* CSProductUITests */,
				7247F54B1FCA8A2A00B0DEAE /* Products */,
				DA3DE12B541B96D204A122FA /* Pods */,
				B878F5C8F12475AA26F04A5A /* Frameworks */,
			);
			sourceTree = "<group>";
		};
		7247F54B1FCA8A2A00B0DEAE /* Products */ = {
			isa = PBXGroup;
			children = (
				7247F54A1FCA8A2A00B0DEAE /* CSProduct.app */,
				7247F5621FCA8A2B00B0DEAE /* CSProductTests.xctest */,
				7247F56D1FCA8A2B00B0DEAE /* CSProductUITests.xctest */,
			);
			name = Products;
			sourceTree = "<group>";
		};
		7247F54C1FCA8A2A00B0DEAE /* CSProduct */ = {
			isa = PBXGroup;
			children = (
				B2B81E2A1FCE8C5A00E59076 /* CSOthers */,
				7247F5A61FCACE3000B0DEAE /* CSModules */,
				7247F59C1FCAA2B300B0DEAE /* CSUtility */,
				721C810C1FCD4C4E00AF6E9D /* CSCommonControls */,
				7247F5801FCAA09500B0DEAE /* CSWebservice */,
				7247F57F1FCAA07100B0DEAE /* Supporting */,
			);
			path = CSProduct;
			sourceTree = "<group>";
		};
		7247F5651FCA8A2B00B0DEAE /* CSProductTests */ = {
			isa = PBXGroup;
			children = (
				7247F5661FCA8A2B00B0DEAE /* CSProductTests.m */,
				7247F5681FCA8A2B00B0DEAE /* Info.plist */,
			);
			path = CSProductTests;
			sourceTree = "<group>";
		};
		7247F5701FCA8A2B00B0DEAE /* CSProductUITests */ = {
			isa = PBXGroup;
			children = (
				7247F5711FCA8A2B00B0DEAE /* CSProductUITests.m */,
				7247F5731FCA8A2B00B0DEAE /* Info.plist */,
			);
			path = CSProductUITests;
			sourceTree = "<group>";
		};
		7247F57F1FCAA07100B0DEAE /* Supporting */ = {
			isa = PBXGroup;
			children = (
				7247F54D1FCA8A2A00B0DEAE /* AppDelegate.h */,
				7247F54E1FCA8A2A00B0DEAE /* AppDelegate.m */,
				7247F5501FCA8A2B00B0DEAE /* ViewController.h */,
				7247F5511FCA8A2B00B0DEAE /* ViewController.m */,
				721C81291FCD666200AF6E9D /* rootTabBarController.h */,
				721C812A1FCD666200AF6E9D /* rootTabBarController.m */,
				72F12A7D1FCE516F00120EC8 /* WelComeView.h */,
				72F12A7E1FCE516F00120EC8 /* WelComeView.m */,
				72F12AA41FCE91DB00120EC8 /* BaseViewController.h */,
				72F12AA51FCE91DB00120EC8 /* BaseViewController.m */,
				72F12AB01FCED39400120EC8 /* baseNavViewController.h */,
				72F12AB11FCED39400120EC8 /* baseNavViewController.m */,
				7247F5A51FCABD2700B0DEAE /* CSProduct.pch */,
				7247F5531FCA8A2B00B0DEAE /* Main.storyboard */,
				7247F5561FCA8A2B00B0DEAE /* Assets.xcassets */,
				7247F5581FCA8A2B00B0DEAE /* LaunchScreen.storyboard */,
				7247F55B1FCA8A2B00B0DEAE /* Info.plist */,
				7247F55C1FCA8A2B00B0DEAE /* main.m */,
			);
			path = Supporting;
			sourceTree = "<group>";
		};
		7247F5801FCAA09500B0DEAE /* CSWebservice */ = {
			isa = PBXGroup;
			children = (
				7247F5921FCAA0E000B0DEAE /* AFHTTPRequestOperationManager+Add.h */,
				7247F5911FCAA0E000B0DEAE /* AFHTTPRequestOperationManager+Add.m */,
				7247F58C1FCAA0E000B0DEAE /* CSBaseRequest.h */,
				7247F5871FCAA0DF00B0DEAE /* CSBaseRequest.m */,
				7247F5851FCAA0DF00B0DEAE /* CSHttpClient.h */,
				7247F5881FCAA0DF00B0DEAE /* CSHttpClient.m */,
				7247F58E1FCAA0E000B0DEAE /* CSNetManger.h */,
				7247F58A1FCAA0DF00B0DEAE /* CSNetManger.m */,
				7247F58D1FCAA0E000B0DEAE /* CSNetworkAgent.h */,
				7247F5861FCAA0DF00B0DEAE /* CSNetworkAgent.m */,
				7247F58B1FCAA0DF00B0DEAE /* CSNetWorkConfig.h */,
				7247F5841FCAA0DF00B0DEAE /* CSNetWorkConfig.m */,
				7247F5891FCAA0DF00B0DEAE /* CSNetworkPrivate.h */,
				7247F5901FCAA0E000B0DEAE /* CSNetworkPrivate.m */,
				7247F58F1FCAA0E000B0DEAE /* CSRequest.h */,
				7247F5811FCAA0DF00B0DEAE /* CSRequest.m */,
				7247F5821FCAA0DF00B0DEAE /* CSUrlArgumentsFilter.h */,
				7247F5831FCAA0DF00B0DEAE /* CSUrlArgumentsFilter.m */,
			);
			path = CSWebservice;
			sourceTree = "<group>";
		};
		7247F59C1FCAA2B300B0DEAE /* CSUtility */ = {
			isa = PBXGroup;
			children = (
				7247F5A11FCAB9BB00B0DEAE /* CSBase */,
				7247F59D1FCAA30A00B0DEAE /* NetWorkModels */,
			);
			path = CSUtility;
			sourceTree = "<group>";
		};
		7247F59D1FCAA30A00B0DEAE /* NetWorkModels */ = {
			isa = PBXGroup;
			children = (
				7247F59E1FCAA33100B0DEAE /* CSNetworkLogModel.h */,
				7247F59F1FCAA33100B0DEAE /* CSNetworkLogModel.m */,
			);
			path = NetWorkModels;
			sourceTree = "<group>";
		};
		7247F5A11FCAB9BB00B0DEAE /* CSBase */ = {
			isa = PBXGroup;
			children = (
				721A9E041FCAD47A0056435F /* NSDictionary+null.h */,
				721A9E051FCAD47A0056435F /* NSDictionary+null.m */,
				7247F5A21FCAB9DB00B0DEAE /* CSDefine.h */,
				72FA2E111FD26B0400532BAC /* CSDataSave.h */,
				72FA2E121FD26B0400532BAC /* CSDataSave.m */,
				B2B81E3F1FCEB15400E59076 /* UIView+ViewProperty.h */,
				B2B81E401FCEB15400E59076 /* UIView+ViewProperty.m */,
			);
			path = CSBase;
			sourceTree = "<group>";
		};
		7247F5A61FCACE3000B0DEAE /* CSModules */ = {
			isa = PBXGroup;
			children = (
				721C81131FCD574100AF6E9D /* MePart */,
				721C81121FCD570B00AF6E9D /* AddressBookPart */,
				721C81111FCD56F300AF6E9D /* ZiroomPart */,
				7247F5A71FCACE5A00B0DEAE /* CSWebService */,
			);
			path = CSModules;
			sourceTree = "<group>";
		};
		7247F5A71FCACE5A00B0DEAE /* CSWebService */ = {
			isa = PBXGroup;
			children = (
				7247F5A81FCACEBC00B0DEAE /* CSBaseService.h */,
				7247F5A91FCACEBC00B0DEAE /* CSBaseService.m */,
				7247F5AB1FCACFEE00B0DEAE /* CSWebRequest.h */,
				7247F5AC1FCACFEE00B0DEAE /* CSWebRequest.m */,
				722D3CA61FD3A6EB0053B192 /* CSWebRequestSets.h */,
			);
			path = CSWebService;
			sourceTree = "<group>";
		};
		72F12A801FCE560B00120EC8 /* Model */ = {
			isa = PBXGroup;
			children = (
				72F12AA11FCE8FCA00120EC8 /* CSMeHeadViewModel.h */,
				72F12AA21FCE8FCA00120EC8 /* CSMeHeadViewModel.m */,
				722D3CAD1FD3C6EB0053B192 /* CSPersonInfoModel.h */,
				722D3CAE1FD3C6EB0053B192 /* CSPersonInfoModel.m */,
				722D3CB91FD410170053B192 /* CSLoginModel.h */,
				722D3CBA1FD410170053B192 /* CSLoginModel.m */,
			);
			path = Model;
			sourceTree = "<group>";
		};
		72F12A811FCE561300120EC8 /* Model */ = {
			isa = PBXGroup;
			children = (
			);
			path = Model;
			sourceTree = "<group>";
		};
		72F12A821FCE561B00120EC8 /* Model */ = {
			isa = PBXGroup;
			children = (
				72F12A8F1FCE57B300120EC8 /* CSZiroomHeadViewModel.h */,
				72F12A901FCE57B300120EC8 /* CSZiroomHeadViewModel.m */,
			);
			path = Model;
			sourceTree = "<group>";
		};
		72FA2E261FD29D4500532BAC /* CSSearchView */ = {
			isa = PBXGroup;
			children = (
				72FA2E271FD2B18700532BAC /* CSSearchView.h */,
				72FA2E281FD2B18700532BAC /* CSSearchView.m */,
			);
			path = CSSearchView;
			sourceTree = "<group>";
		};
		B2B81E2A1FCE8C5A00E59076 /* CSOthers */ = {
			isa = PBXGroup;
			children = (
				72FA2E261FD29D4500532BAC /* CSSearchView */,
				B2B81E441FCEBE7500E59076 /* SDCycleScrollView */,
			);
			path = CSOthers;
			sourceTree = "<group>";
		};
		B2B81E441FCEBE7500E59076 /* SDCycleScrollView */ = {
			isa = PBXGroup;
			children = (
				B2B81E451FCEBE7500E59076 /* PageControl */,
				B2B81E4E1FCEBE7500E59076 /* SDCollectionViewCell.h */,
				B2B81E4F1FCEBE7500E59076 /* SDCollectionViewCell.m */,
				B2B81E501FCEBE7500E59076 /* SDCycleScrollView.h */,
				B2B81E511FCEBE7500E59076 /* SDCycleScrollView.m */,
				B2B81E521FCEBE7500E59076 /* UIView+SDExtension.h */,
				B2B81E531FCEBE7500E59076 /* UIView+SDExtension.m */,
			);
			path = SDCycleScrollView;
			sourceTree = "<group>";
		};
		B2B81E451FCEBE7500E59076 /* PageControl */ = {
			isa = PBXGroup;
			children = (
				B2B81E461FCEBE7500E59076 /* TAAbstractDotView.h */,
				B2B81E471FCEBE7500E59076 /* TAAbstractDotView.m */,
				B2B81E481FCEBE7500E59076 /* TAAnimatedDotView.h */,
				B2B81E491FCEBE7500E59076 /* TAAnimatedDotView.m */,
				B2B81E4A1FCEBE7500E59076 /* TADotView.h */,
				B2B81E4B1FCEBE7500E59076 /* TADotView.m */,
				B2B81E4C1FCEBE7500E59076 /* TAPageControl.h */,
				B2B81E4D1FCEBE7500E59076 /* TAPageControl.m */,
			);
			path = PageControl;
			sourceTree = "<group>";
		};
		B878F5C8F12475AA26F04A5A /* Frameworks */ = {
			isa = PBXGroup;
			children = (
				6262DA7B6F97480A881C855C /* libPods-CSProduct.a */,
				90F43AD344B86D7E573A9ECF /* libPods-CSProductTests.a */,
			);
			name = Frameworks;
			sourceTree = "<group>";
		};
		DA3DE12B541B96D204A122FA /* Pods */ = {
			isa = PBXGroup;
			children = (
				61456582AD4F3131D60A9BEE /* Pods-CSProduct.debug.xcconfig */,
				F0F2EA4EF2AF7AC2194DF696 /* Pods-CSProduct.release.xcconfig */,
				D014FAA323BAF380E61379B5 /* Pods-CSProductTests.debug.xcconfig */,
				53F3E964E3498B58544F326D /* Pods-CSProductTests.release.xcconfig */,
			);
			name = Pods;
			sourceTree = "<group>";
		};
/* End PBXGroup section */

/* Begin PBXNativeTarget section */
		7247F5491FCA8A2A00B0DEAE /* CSProduct */ = {
			isa = PBXNativeTarget;
			buildConfigurationList = 7247F5761FCA8A2B00B0DEAE /* Build configuration list for PBXNativeTarget "CSProduct" */;
			buildPhases = (
				3AC20216FE814C4714B49733 /* [CP] Check Pods Manifest.lock */,
				7247F5461FCA8A2A00B0DEAE /* Sources */,
				7247F5471FCA8A2A00B0DEAE /* Frameworks */,
				7247F5481FCA8A2A00B0DEAE /* Resources */,
				36262940AC656321760A5248 /* [CP] Embed Pods Frameworks */,
				78DD7A689652994F2E2DD2AB /* [CP] Copy Pods Resources */,
			);
			buildRules = (
			);
			dependencies = (
			);
			name = CSProduct;
			productName = CSProduct;
			productReference = 7247F54A1FCA8A2A00B0DEAE /* CSProduct.app */;
			productType = "com.apple.product-type.application";
		};
		7247F5611FCA8A2B00B0DEAE /* CSProductTests */ = {
			isa = PBXNativeTarget;
			buildConfigurationList = 7247F5791FCA8A2B00B0DEAE /* Build configuration list for PBXNativeTarget "CSProductTests" */;
			buildPhases = (
				3324D51999EA87C483EE2B51 /* [CP] Check Pods Manifest.lock */,
				7247F55E1FCA8A2B00B0DEAE /* Sources */,
				7247F55F1FCA8A2B00B0DEAE /* Frameworks */,
				7247F5601FCA8A2B00B0DEAE /* Resources */,
				F5DD099F28A15B4F20087F96 /* [CP] Embed Pods Frameworks */,
				AE0B886B74D2096724261830 /* [CP] Copy Pods Resources */,
			);
			buildRules = (
			);
			dependencies = (
				7247F5641FCA8A2B00B0DEAE /* PBXTargetDependency */,
			);
			name = CSProductTests;
			productName = CSProductTests;
			productReference = 7247F5621FCA8A2B00B0DEAE /* CSProductTests.xctest */;
			productType = "com.apple.product-type.bundle.unit-test";
		};
		7247F56C1FCA8A2B00B0DEAE /* CSProductUITests */ = {
			isa = PBXNativeTarget;
			buildConfigurationList = 7247F57C1FCA8A2B00B0DEAE /* Build configuration list for PBXNativeTarget "CSProductUITests" */;
			buildPhases = (
				7247F5691FCA8A2B00B0DEAE /* Sources */,
				7247F56A1FCA8A2B00B0DEAE /* Frameworks */,
				7247F56B1FCA8A2B00B0DEAE /* Resources */,
			);
			buildRules = (
			);
			dependencies = (
				7247F56F1FCA8A2B00B0DEAE /* PBXTargetDependency */,
			);
			name = CSProductUITests;
			productName = CSProductUITests;
			productReference = 7247F56D1FCA8A2B00B0DEAE /* CSProductUITests.xctest */;
			productType = "com.apple.product-type.bundle.ui-testing";
		};
/* End PBXNativeTarget section */

/* Begin PBXProject section */
		7247F5421FCA8A2A00B0DEAE /* Project object */ = {
			isa = PBXProject;
			attributes = {
				LastUpgradeCheck = 0900;
				ORGANIZATIONNAME = "zhiwei jiang";
				TargetAttributes = {
					7247F5491FCA8A2A00B0DEAE = {
						CreatedOnToolsVersion = 9.0;
						ProvisioningStyle = Automatic;
					};
					7247F5611FCA8A2B00B0DEAE = {
						CreatedOnToolsVersion = 9.0;
						ProvisioningStyle = Automatic;
						TestTargetID = 7247F5491FCA8A2A00B0DEAE;
					};
					7247F56C1FCA8A2B00B0DEAE = {
						CreatedOnToolsVersion = 9.0;
						ProvisioningStyle = Automatic;
						TestTargetID = 7247F5491FCA8A2A00B0DEAE;
					};
				};
			};
			buildConfigurationList = 7247F5451FCA8A2A00B0DEAE /* Build configuration list for PBXProject "CSProduct" */;
			compatibilityVersion = "Xcode 8.0";
			developmentRegion = en;
			hasScannedForEncodings = 0;
			knownRegions = (
				en,
				Base,
			);
			mainGroup = 7247F5411FCA8A2A00B0DEAE;
			productRefGroup = 7247F54B1FCA8A2A00B0DEAE /* Products */;
			projectDirPath = "";
			projectRoot = "";
			targets = (
				7247F5491FCA8A2A00B0DEAE /* CSProduct */,
				7247F5611FCA8A2B00B0DEAE /* CSProductTests */,
				7247F56C1FCA8A2B00B0DEAE /* CSProductUITests */,
			);
		};
/* End PBXProject section */

/* Begin PBXResourcesBuildPhase section */
		7247F5481FCA8A2A00B0DEAE /* Resources */ = {
			isa = PBXResourcesBuildPhase;
			buildActionMask = 2147483647;
			files = (
				7247F55A1FCA8A2B00B0DEAE /* LaunchScreen.storyboard in Resources */,
				7247F5571FCA8A2B00B0DEAE /* Assets.xcassets in Resources */,
				7247F5551FCA8A2B00B0DEAE /* Main.storyboard in Resources */,
			);
			runOnlyForDeploymentPostprocessing = 0;
		};
		7247F5601FCA8A2B00B0DEAE /* Resources */ = {
			isa = PBXResourcesBuildPhase;
			buildActionMask = 2147483647;
			files = (
			);
			runOnlyForDeploymentPostprocessing = 0;
		};
		7247F56B1FCA8A2B00B0DEAE /* Resources */ = {
			isa = PBXResourcesBuildPhase;
			buildActionMask = 2147483647;
			files = (
			);
			runOnlyForDeploymentPostprocessing = 0;
		};
/* End PBXResourcesBuildPhase section */

/* Begin PBXShellScriptBuildPhase section */
		3324D51999EA87C483EE2B51 /* [CP] Check Pods Manifest.lock */ = {
			isa = PBXShellScriptBuildPhase;
			buildActionMask = 2147483647;
			files = (
			);
			inputPaths = (
				"${PODS_PODFILE_DIR_PATH}/Podfile.lock",
				"${PODS_ROOT}/Manifest.lock",
			);
			name = "[CP] Check Pods Manifest.lock";
			outputPaths = (
				"$(DERIVED_FILE_DIR)/Pods-CSProductTests-checkManifestLockResult.txt",
			);
			runOnlyForDeploymentPostprocessing = 0;
			shellPath = /bin/sh;
			shellScript = "diff \"${PODS_PODFILE_DIR_PATH}/Podfile.lock\" \"${PODS_ROOT}/Manifest.lock\" > /dev/null\nif [ $? != 0 ] ; then\n    # print error to STDERR\n    echo \"error: The sandbox is not in sync with the Podfile.lock. Run 'pod install' or update your CocoaPods installation.\" >&2\n    exit 1\nfi\n# This output is used by Xcode 'outputs' to avoid re-running this script phase.\necho \"SUCCESS\" > \"${SCRIPT_OUTPUT_FILE_0}\"\n";
			showEnvVarsInLog = 0;
		};
		36262940AC656321760A5248 /* [CP] Embed Pods Frameworks */ = {
			isa = PBXShellScriptBuildPhase;
			buildActionMask = 2147483647;
			files = (
			);
			inputPaths = (
			);
			name = "[CP] Embed Pods Frameworks";
			outputPaths = (
			);
			runOnlyForDeploymentPostprocessing = 0;
			shellPath = /bin/sh;
			shellScript = "\"${SRCROOT}/Pods/Target Support Files/Pods-CSProduct/Pods-CSProduct-frameworks.sh\"\n";
			showEnvVarsInLog = 0;
		};
		3AC20216FE814C4714B49733 /* [CP] Check Pods Manifest.lock */ = {
			isa = PBXShellScriptBuildPhase;
			buildActionMask = 2147483647;
			files = (
			);
			inputPaths = (
				"${PODS_PODFILE_DIR_PATH}/Podfile.lock",
				"${PODS_ROOT}/Manifest.lock",
			);
			name = "[CP] Check Pods Manifest.lock";
			outputPaths = (
				"$(DERIVED_FILE_DIR)/Pods-CSProduct-checkManifestLockResult.txt",
			);
			runOnlyForDeploymentPostprocessing = 0;
			shellPath = /bin/sh;
			shellScript = "diff \"${PODS_PODFILE_DIR_PATH}/Podfile.lock\" \"${PODS_ROOT}/Manifest.lock\" > /dev/null\nif [ $? != 0 ] ; then\n    # print error to STDERR\n    echo \"error: The sandbox is not in sync with the Podfile.lock. Run 'pod install' or update your CocoaPods installation.\" >&2\n    exit 1\nfi\n# This output is used by Xcode 'outputs' to avoid re-running this script phase.\necho \"SUCCESS\" > \"${SCRIPT_OUTPUT_FILE_0}\"\n";
			showEnvVarsInLog = 0;
		};
		78DD7A689652994F2E2DD2AB /* [CP] Copy Pods Resources */ = {
			isa = PBXShellScriptBuildPhase;
			buildActionMask = 2147483647;
			files = (
			);
			inputPaths = (
				"${SRCROOT}/Pods/Target Support Files/Pods-CSProduct/Pods-CSProduct-resources.sh",
				"${PODS_ROOT}/IQKeyboardManager/IQKeyBoardManager/Resources/IQKeyboardManager.bundle",
				"${PODS_ROOT}/MJRefresh/MJRefresh/MJRefresh.bundle",
				"${PODS_ROOT}/UMengUShare/UShareSDK/SocialLibraries/QQ/TencentOpenApi_IOS_Bundle.bundle",
				"${PODS_ROOT}/UMengUShare/UShareSDK/SocialLibraries/Sina/WeiboSDK.bundle",
				"${PODS_ROOT}/UMengUShare/UShareSDK/UMSocialUI/UMSocialSDKResources.bundle",
			);
			name = "[CP] Copy Pods Resources";
			outputPaths = (
				"${TARGET_BUILD_DIR}/${UNLOCALIZED_RESOURCES_FOLDER_PATH}",
			);
			runOnlyForDeploymentPostprocessing = 0;
			shellPath = /bin/sh;
			shellScript = "\"${SRCROOT}/Pods/Target Support Files/Pods-CSProduct/Pods-CSProduct-resources.sh\"\n";
			showEnvVarsInLog = 0;
		};
		AE0B886B74D2096724261830 /* [CP] Copy Pods Resources */ = {
			isa = PBXShellScriptBuildPhase;
			buildActionMask = 2147483647;
			files = (
			);
			inputPaths = (
				"${SRCROOT}/Pods/Target Support Files/Pods-CSProductTests/Pods-CSProductTests-resources.sh",
				"${PODS_ROOT}/IQKeyboardManager/IQKeyBoardManager/Resources/IQKeyboardManager.bundle",
				"${PODS_ROOT}/MJRefresh/MJRefresh/MJRefresh.bundle",
				"${PODS_ROOT}/UMengUShare/UShareSDK/SocialLibraries/QQ/TencentOpenApi_IOS_Bundle.bundle",
				"${PODS_ROOT}/UMengUShare/UShareSDK/SocialLibraries/Sina/WeiboSDK.bundle",
				"${PODS_ROOT}/UMengUShare/UShareSDK/UMSocialUI/UMSocialSDKResources.bundle",
			);
			name = "[CP] Copy Pods Resources";
			outputPaths = (
				"${TARGET_BUILD_DIR}/${UNLOCALIZED_RESOURCES_FOLDER_PATH}",
			);
			runOnlyForDeploymentPostprocessing = 0;
			shellPath = /bin/sh;
			shellScript = "\"${SRCROOT}/Pods/Target Support Files/Pods-CSProductTests/Pods-CSProductTests-resources.sh\"\n";
			showEnvVarsInLog = 0;
		};
		F5DD099F28A15B4F20087F96 /* [CP] Embed Pods Frameworks */ = {
			isa = PBXShellScriptBuildPhase;
			buildActionMask = 2147483647;
			files = (
			);
			inputPaths = (
			);
			name = "[CP] Embed Pods Frameworks";
			outputPaths = (
			);
			runOnlyForDeploymentPostprocessing = 0;
			shellPath = /bin/sh;
			shellScript = "\"${SRCROOT}/Pods/Target Support Files/Pods-CSProductTests/Pods-CSProductTests-frameworks.sh\"\n";
			showEnvVarsInLog = 0;
		};
/* End PBXShellScriptBuildPhase section */

/* Begin PBXSourcesBuildPhase section */
		7247F5461FCA8A2A00B0DEAE /* Sources */ = {
			isa = PBXSourcesBuildPhase;
			buildActionMask = 2147483647;
			files = (
				72FA2E1C1FD2773E00532BAC /* CSOrganizationChartHeadCell.m in Sources */,
				7247F5961FCAA0E000B0DEAE /* CSNetworkAgent.m in Sources */,
				72F12A881FCE574000120EC8 /* CSZiroomViewFunctionCell.m in Sources */,
				7247F5521FCA8A2B00B0DEAE /* ViewController.m in Sources */,
				7247F59B1FCAA0E000B0DEAE /* AFHTTPRequestOperationManager+Add.m in Sources */,
				7247F59A1FCAA0E000B0DEAE /* CSNetworkPrivate.m in Sources */,
				72F12AB21FCED39400120EC8 /* baseNavViewController.m in Sources */,
				72F12A7F1FCE516F00120EC8 /* WelComeView.m in Sources */,
				7247F5971FCAA0E000B0DEAE /* CSBaseRequest.m in Sources */,
				72FA2E221FD2805500532BAC /* CSOrganizationChartOrgCell.m in Sources */,
				B2B81E5A1FCEBE7600E59076 /* UIView+SDExtension.m in Sources */,
				B2B81E591FCEBE7600E59076 /* SDCycleScrollView.m in Sources */,
				B2B81E691FD2ACD000E59076 /* CSSexTableViewCell.m in Sources */,
				728D20B41FCD67A300057177 /* CSMeNavController.m in Sources */,
				72F12AA31FCE8FCA00120EC8 /* CSMeHeadViewModel.m in Sources */,
				72F12A911FCE57B300120EC8 /* CSZiroomHeadViewModel.m in Sources */,
				72FA2E351FD2C96100532BAC /* CSOrganizationSelPersonViewController.m in Sources */,
				7247F5991FCAA0E000B0DEAE /* CSNetManger.m in Sources */,
				721C811A1FCD57BD00AF6E9D /* CSZiroomViewController.m in Sources */,
				B2B81E581FCEBE7600E59076 /* SDCollectionViewCell.m in Sources */,
				B2B81E811FD3F3C400E59076 /* CSPushAnnounceViewController.m in Sources */,
				B2B81E6C1FD2B4D500E59076 /* CSSelectTableViewCell.m in Sources */,
				7247F5A01FCAA33100B0DEAE /* CSNetworkLogModel.m in Sources */,
				72FA2E251FD2831500532BAC /* CSOrganizationChartPersonCell.m in Sources */,
				72F12A9A1FCE8F5A00120EC8 /* CSMeCell.m in Sources */,
				72FA2E2C1FD2BDEF00532BAC /* CSPersonManageViewController.m in Sources */,
				722D3CB21FD3EB7E0053B192 /* CSOrganizationAddOriNameCell.m in Sources */,
				7247F5941FCAA0E000B0DEAE /* CSUrlArgumentsFilter.m in Sources */,
				722D3CB51FD3EB920053B192 /* CSOrganizationAddOriTipsCell.m in Sources */,
				72FA2E1F1FD2802D00532BAC /* CSOrganizationChartView.m in Sources */,
				72F12AAF1FCECDAE00120EC8 /* CSPersonInfoBusinessManage.m in Sources */,
				72FA2E321FD2C94900532BAC /* CSOrganizationAddViewController.m in Sources */,
				7247F55D1FCA8A2B00B0DEAE /* main.m in Sources */,
				7247F54F1FCA8A2A00B0DEAE /* AppDelegate.m in Sources */,
				7247F5951FCAA0E000B0DEAE /* CSNetWorkConfig.m in Sources */,
				721C81251FCD583700AF6E9D /* CSAddressBookViewController.m in Sources */,
				72F12AAC1FCECD6F00120EC8 /* CSPersonInfoCell.m in Sources */,
				B2B81E631FD2A40100E59076 /* CSEmpleeJoinController.m in Sources */,
				B2B81E571FCEBE7600E59076 /* TAPageControl.m in Sources */,
				721A9E061FCAD47A0056435F /* NSDictionary+null.m in Sources */,
				721C81281FCD584B00AF6E9D /* CSMeViewController.m in Sources */,
				B2B81E721FD2D49300E59076 /* CSParentmentListTableCell.m in Sources */,
				72F12A8E1FCE578000120EC8 /* CSZiroomBusnissManage.m in Sources */,
				B2B81E411FCEB15500E59076 /* UIView+ViewProperty.m in Sources */,
				B2B81E661FD2A67800E59076 /* CSEmpleeJoinTableViewCell.m in Sources */,
				B2B81E601FD29CBC00E59076 /* CSAnnounceListViewController.m in Sources */,
				72FA2E131FD26B0400532BAC /* CSDataSave.m in Sources */,
				72F12A8B1FCE575400120EC8 /* CSZiroomViewMessageCell.m in Sources */,
				B2B81E551FCEBE7500E59076 /* TAAnimatedDotView.m in Sources */,
				72F12A9D1FCE8F7400120EC8 /* CSMeFootView.m in Sources */,
				721C810F1FCD4C7900AF6E9D /* UIView+ZRToast.m in Sources */,
				728D20BA1FCD67D600057177 /* CSZiroomNavController.m in Sources */,
				72F12AA01FCE8FA800120EC8 /* CSMeBusinessManage.m in Sources */,
				72FA2E2F1FD2BE1C00532BAC /* CSOrganizationViewController.m in Sources */,
				722D3CBB1FD410170053B192 /* CSLoginModel.m in Sources */,
				7247F5AD1FCACFEE00B0DEAE /* CSWebRequest.m in Sources */,
				B2B81E7E1FD3E70B00E59076 /* CSAnnounceTableViewCell.m in Sources */,
				B2B81E7B1FD3DEA300E59076 /* CSAnnouncementViewController.m in Sources */,
				B2B81E541FCEBE7500E59076 /* TAAbstractDotView.m in Sources */,
				728D20B71FCD67C300057177 /* CSAddressBookNavController.m in Sources */,
				7247F5981FCAA0E000B0DEAE /* CSHttpClient.m in Sources */,
				B2B81E561FCEBE7600E59076 /* TADotView.m in Sources */,
				722D3CAC1FD3AB0E0053B192 /* CSLoginBusinessManage.m in Sources */,
				721C812B1FCD666200AF6E9D /* rootTabBarController.m in Sources */,
				B2B81E751FD2D65C00E59076 /* UIButton+EnlargeTouchArea.m in Sources */,
				B2B81E781FD2E13B00E59076 /* CSPositionViewController.m in Sources */,
				7247F5931FCAA0E000B0DEAE /* CSRequest.m in Sources */,
				72F12AA61FCE91DB00120EC8 /* BaseViewController.m in Sources */,
				7247F5AA1FCACEBC00B0DEAE /* CSBaseService.m in Sources */,
				722D3CB81FD3EBA50053B192 /* CSOrganizationAddSelCell.m in Sources */,
				722D3CAF1FD3C6EB0053B192 /* CSPersonInfoModel.m in Sources */,
				72FA2E191FD2767800532BAC /* CSOrganizationChartHeadView.m in Sources */,
				72F12A851FCE570400120EC8 /* CSZiroomHomeHeadView.m in Sources */,
				B2B81E3E1FCEAEED00E59076 /* CSMenuButton.m in Sources */,
				72FA2E291FD2B18700532BAC /* CSSearchView.m in Sources */,
				72F12AA91FCECCB900120EC8 /* CSPersonInfoViewController.m in Sources */,
				72F12A971FCE8F1500120EC8 /* CSMeHeadView.m in Sources */,
				72F12A941FCE5FEA00120EC8 /* LoginViewController.m in Sources */,
				B2B81E6F1FD2D07400E59076 /* CSParentmentListController.m in Sources */,
			);
			runOnlyForDeploymentPostprocessing = 0;
		};
		7247F55E1FCA8A2B00B0DEAE /* Sources */ = {
			isa = PBXSourcesBuildPhase;
			buildActionMask = 2147483647;
			files = (
				7247F5671FCA8A2B00B0DEAE /* CSProductTests.m in Sources */,
			);
			runOnlyForDeploymentPostprocessing = 0;
		};
		7247F5691FCA8A2B00B0DEAE /* Sources */ = {
			isa = PBXSourcesBuildPhase;
			buildActionMask = 2147483647;
			files = (
				7247F5721FCA8A2B00B0DEAE /* CSProductUITests.m in Sources */,
			);
			runOnlyForDeploymentPostprocessing = 0;
		};
/* End PBXSourcesBuildPhase section */

/* Begin PBXTargetDependency section */
		7247F5641FCA8A2B00B0DEAE /* PBXTargetDependency */ = {
			isa = PBXTargetDependency;
			target = 7247F5491FCA8A2A00B0DEAE /* CSProduct */;
			targetProxy = 7247F5631FCA8A2B00B0DEAE /* PBXContainerItemProxy */;
		};
		7247F56F1FCA8A2B00B0DEAE /* PBXTargetDependency */ = {
			isa = PBXTargetDependency;
			target = 7247F5491FCA8A2A00B0DEAE /* CSProduct */;
			targetProxy = 7247F56E1FCA8A2B00B0DEAE /* PBXContainerItemProxy */;
		};
/* End PBXTargetDependency section */

/* Begin PBXVariantGroup section */
		7247F5531FCA8A2B00B0DEAE /* Main.storyboard */ = {
			isa = PBXVariantGroup;
			children = (
				7247F5541FCA8A2B00B0DEAE /* Base */,
			);
			name = Main.storyboard;
			sourceTree = "<group>";
		};
		7247F5581FCA8A2B00B0DEAE /* LaunchScreen.storyboard */ = {
			isa = PBXVariantGroup;
			children = (
				7247F5591FCA8A2B00B0DEAE /* Base */,
			);
			name = LaunchScreen.storyboard;
			sourceTree = "<group>";
		};
/* End PBXVariantGroup section */

/* Begin XCBuildConfiguration section */
		7247F5741FCA8A2B00B0DEAE /* Debug */ = {
			isa = XCBuildConfiguration;
			buildSettings = {
				ALWAYS_SEARCH_USER_PATHS = NO;
				CLANG_ANALYZER_NONNULL = YES;
				CLANG_ANALYZER_NUMBER_OBJECT_CONVERSION = YES_AGGRESSIVE;
				CLANG_CXX_LANGUAGE_STANDARD = "gnu++14";
				CLANG_CXX_LIBRARY = "libc++";
				CLANG_ENABLE_MODULES = YES;
				CLANG_ENABLE_OBJC_ARC = YES;
				CLANG_WARN_BLOCK_CAPTURE_AUTORELEASING = YES;
				CLANG_WARN_BOOL_CONVERSION = YES;
				CLANG_WARN_COMMA = YES;
				CLANG_WARN_CONSTANT_CONVERSION = YES;
				CLANG_WARN_DIRECT_OBJC_ISA_USAGE = YES_ERROR;
				CLANG_WARN_DOCUMENTATION_COMMENTS = YES;
				CLANG_WARN_EMPTY_BODY = YES;
				CLANG_WARN_ENUM_CONVERSION = YES;
				CLANG_WARN_INFINITE_RECURSION = YES;
				CLANG_WARN_INT_CONVERSION = YES;
				CLANG_WARN_NON_LITERAL_NULL_CONVERSION = YES;
				CLANG_WARN_OBJC_LITERAL_CONVERSION = YES;
				CLANG_WARN_OBJC_ROOT_CLASS = YES_ERROR;
				CLANG_WARN_RANGE_LOOP_ANALYSIS = YES;
				CLANG_WARN_STRICT_PROTOTYPES = YES;
				CLANG_WARN_SUSPICIOUS_MOVE = YES;
				CLANG_WARN_UNGUARDED_AVAILABILITY = YES_AGGRESSIVE;
				CLANG_WARN_UNREACHABLE_CODE = YES;
				CLANG_WARN__DUPLICATE_METHOD_MATCH = YES;
				CODE_SIGN_IDENTITY = "iPhone Developer";
				COPY_PHASE_STRIP = NO;
				DEBUG_INFORMATION_FORMAT = dwarf;
				ENABLE_STRICT_OBJC_MSGSEND = YES;
				ENABLE_TESTABILITY = YES;
				GCC_C_LANGUAGE_STANDARD = gnu11;
				GCC_DYNAMIC_NO_PIC = NO;
				GCC_NO_COMMON_BLOCKS = YES;
				GCC_OPTIMIZATION_LEVEL = 0;
				GCC_PREFIX_HEADER = "";
				GCC_PREPROCESSOR_DEFINITIONS = (
					"DEBUG=1",
					"$(inherited)",
				);
				GCC_WARN_64_TO_32_BIT_CONVERSION = YES;
				GCC_WARN_ABOUT_RETURN_TYPE = YES_ERROR;
				GCC_WARN_UNDECLARED_SELECTOR = YES;
				GCC_WARN_UNINITIALIZED_AUTOS = YES_AGGRESSIVE;
				GCC_WARN_UNUSED_FUNCTION = YES;
				GCC_WARN_UNUSED_VARIABLE = YES;
				IPHONEOS_DEPLOYMENT_TARGET = 11.0;
				MTL_ENABLE_DEBUG_INFO = YES;
				ONLY_ACTIVE_ARCH = YES;
				SDKROOT = iphoneos;
			};
			name = Debug;
		};
		7247F5751FCA8A2B00B0DEAE /* Release */ = {
			isa = XCBuildConfiguration;
			buildSettings = {
				ALWAYS_SEARCH_USER_PATHS = NO;
				CLANG_ANALYZER_NONNULL = YES;
				CLANG_ANALYZER_NUMBER_OBJECT_CONVERSION = YES_AGGRESSIVE;
				CLANG_CXX_LANGUAGE_STANDARD = "gnu++14";
				CLANG_CXX_LIBRARY = "libc++";
				CLANG_ENABLE_MODULES = YES;
				CLANG_ENABLE_OBJC_ARC = YES;
				CLANG_WARN_BLOCK_CAPTURE_AUTORELEASING = YES;
				CLANG_WARN_BOOL_CONVERSION = YES;
				CLANG_WARN_COMMA = YES;
				CLANG_WARN_CONSTANT_CONVERSION = YES;
				CLANG_WARN_DIRECT_OBJC_ISA_USAGE = YES_ERROR;
				CLANG_WARN_DOCUMENTATION_COMMENTS = YES;
				CLANG_WARN_EMPTY_BODY = YES;
				CLANG_WARN_ENUM_CONVERSION = YES;
				CLANG_WARN_INFINITE_RECURSION = YES;
				CLANG_WARN_INT_CONVERSION = YES;
				CLANG_WARN_NON_LITERAL_NULL_CONVERSION = YES;
				CLANG_WARN_OBJC_LITERAL_CONVERSION = YES;
				CLANG_WARN_OBJC_ROOT_CLASS = YES_ERROR;
				CLANG_WARN_RANGE_LOOP_ANALYSIS = YES;
				CLANG_WARN_STRICT_PROTOTYPES = YES;
				CLANG_WARN_SUSPICIOUS_MOVE = YES;
				CLANG_WARN_UNGUARDED_AVAILABILITY = YES_AGGRESSIVE;
				CLANG_WARN_UNREACHABLE_CODE = YES;
				CLANG_WARN__DUPLICATE_METHOD_MATCH = YES;
				CODE_SIGN_IDENTITY = "iPhone Developer";
				COPY_PHASE_STRIP = NO;
				DEBUG_INFORMATION_FORMAT = "dwarf-with-dsym";
				ENABLE_NS_ASSERTIONS = NO;
				ENABLE_STRICT_OBJC_MSGSEND = YES;
				GCC_C_LANGUAGE_STANDARD = gnu11;
				GCC_NO_COMMON_BLOCKS = YES;
				GCC_PREFIX_HEADER = "";
				GCC_WARN_64_TO_32_BIT_CONVERSION = YES;
				GCC_WARN_ABOUT_RETURN_TYPE = YES_ERROR;
				GCC_WARN_UNDECLARED_SELECTOR = YES;
				GCC_WARN_UNINITIALIZED_AUTOS = YES_AGGRESSIVE;
				GCC_WARN_UNUSED_FUNCTION = YES;
				GCC_WARN_UNUSED_VARIABLE = YES;
				IPHONEOS_DEPLOYMENT_TARGET = 11.0;
				MTL_ENABLE_DEBUG_INFO = NO;
				SDKROOT = iphoneos;
				VALIDATE_PRODUCT = YES;
			};
			name = Release;
		};
		7247F5771FCA8A2B00B0DEAE /* Debug */ = {
			isa = XCBuildConfiguration;
			baseConfigurationReference = 61456582AD4F3131D60A9BEE /* Pods-CSProduct.debug.xcconfig */;
			buildSettings = {
				ASSETCATALOG_COMPILER_APPICON_NAME = AppIcon;
				"CODE_SIGN_IDENTITY[sdk=iphoneos*]" = "iPhone Developer";
				CODE_SIGN_STYLE = Automatic;
				DEVELOPMENT_TEAM = 45U4W25HXY;
				GCC_PRECOMPILE_PREFIX_HEADER = YES;
				GCC_PREFIX_HEADER = "$(SRCROOT)/CSProduct/Supporting/CSProduct.pch";
				INFOPLIST_FILE = CSProduct/Supporting/Info.plist;
				IPHONEOS_DEPLOYMENT_TARGET = 8.0;
				LD_RUNPATH_SEARCH_PATHS = "$(inherited) @executable_path/Frameworks";
				PRODUCT_BUNDLE_IDENTIFIER = CSProduct.CSProduct;
				PRODUCT_NAME = "$(TARGET_NAME)";
				PROVISIONING_PROFILE_SPECIFIER = "";
				TARGETED_DEVICE_FAMILY = 1;
			};
			name = Debug;
		};
		7247F5781FCA8A2B00B0DEAE /* Release */ = {
			isa = XCBuildConfiguration;
			baseConfigurationReference = F0F2EA4EF2AF7AC2194DF696 /* Pods-CSProduct.release.xcconfig */;
			buildSettings = {
				ASSETCATALOG_COMPILER_APPICON_NAME = AppIcon;
				"CODE_SIGN_IDENTITY[sdk=iphoneos*]" = "iPhone Developer";
				CODE_SIGN_STYLE = Automatic;
				DEVELOPMENT_TEAM = 45U4W25HXY;
				GCC_PRECOMPILE_PREFIX_HEADER = YES;
				GCC_PREFIX_HEADER = "$(SRCROOT)/CSProduct/Supporting/CSProduct.pch";
				INFOPLIST_FILE = CSProduct/Supporting/Info.plist;
				IPHONEOS_DEPLOYMENT_TARGET = 8.0;
				LD_RUNPATH_SEARCH_PATHS = "$(inherited) @executable_path/Frameworks";
				PRODUCT_BUNDLE_IDENTIFIER = CSProduct.CSProduct;
				PRODUCT_NAME = "$(TARGET_NAME)";
				PROVISIONING_PROFILE_SPECIFIER = "";
				TARGETED_DEVICE_FAMILY = 1;
			};
			name = Release;
		};
		7247F57A1FCA8A2B00B0DEAE /* Debug */ = {
			isa = XCBuildConfiguration;
			baseConfigurationReference = D014FAA323BAF380E61379B5 /* Pods-CSProductTests.debug.xcconfig */;
			buildSettings = {
				BUNDLE_LOADER = "$(TEST_HOST)";
				CODE_SIGN_STYLE = Automatic;
				INFOPLIST_FILE = CSProductTests/Info.plist;
				LD_RUNPATH_SEARCH_PATHS = "$(inherited) @executable_path/Frameworks @loader_path/Frameworks";
				PRODUCT_BUNDLE_IDENTIFIER = CSProduct.CSProductTests;
				PRODUCT_NAME = "$(TARGET_NAME)";
				TARGETED_DEVICE_FAMILY = "1,2";
				TEST_HOST = "$(BUILT_PRODUCTS_DIR)/CSProduct.app/CSProduct";
			};
			name = Debug;
		};
		7247F57B1FCA8A2B00B0DEAE /* Release */ = {
			isa = XCBuildConfiguration;
			baseConfigurationReference = 53F3E964E3498B58544F326D /* Pods-CSProductTests.release.xcconfig */;
			buildSettings = {
				BUNDLE_LOADER = "$(TEST_HOST)";
				CODE_SIGN_STYLE = Automatic;
				INFOPLIST_FILE = CSProductTests/Info.plist;
				LD_RUNPATH_SEARCH_PATHS = "$(inherited) @executable_path/Frameworks @loader_path/Frameworks";
				PRODUCT_BUNDLE_IDENTIFIER = CSProduct.CSProductTests;
				PRODUCT_NAME = "$(TARGET_NAME)";
				TARGETED_DEVICE_FAMILY = "1,2";
				TEST_HOST = "$(BUILT_PRODUCTS_DIR)/CSProduct.app/CSProduct";
			};
			name = Release;
		};
		7247F57D1FCA8A2B00B0DEAE /* Debug */ = {
			isa = XCBuildConfiguration;
			buildSettings = {
				CODE_SIGN_STYLE = Automatic;
				INFOPLIST_FILE = CSProductUITests/Info.plist;
				LD_RUNPATH_SEARCH_PATHS = "$(inherited) @executable_path/Frameworks @loader_path/Frameworks";
				PRODUCT_BUNDLE_IDENTIFIER = CSProduct.CSProductUITests;
				PRODUCT_NAME = "$(TARGET_NAME)";
				TARGETED_DEVICE_FAMILY = "1,2";
				TEST_TARGET_NAME = CSProduct;
			};
			name = Debug;
		};
		7247F57E1FCA8A2B00B0DEAE /* Release */ = {
			isa = XCBuildConfiguration;
			buildSettings = {
				CODE_SIGN_STYLE = Automatic;
				INFOPLIST_FILE = CSProductUITests/Info.plist;
				LD_RUNPATH_SEARCH_PATHS = "$(inherited) @executable_path/Frameworks @loader_path/Frameworks";
				PRODUCT_BUNDLE_IDENTIFIER = CSProduct.CSProductUITests;
				PRODUCT_NAME = "$(TARGET_NAME)";
				TARGETED_DEVICE_FAMILY = "1,2";
				TEST_TARGET_NAME = CSProduct;
			};
			name = Release;
		};
/* End XCBuildConfiguration section */

/* Begin XCConfigurationList section */
		7247F5451FCA8A2A00B0DEAE /* Build configuration list for PBXProject "CSProduct" */ = {
			isa = XCConfigurationList;
			buildConfigurations = (
				7247F5741FCA8A2B00B0DEAE /* Debug */,
				7247F5751FCA8A2B00B0DEAE /* Release */,
			);
			defaultConfigurationIsVisible = 0;
			defaultConfigurationName = Release;
		};
		7247F5761FCA8A2B00B0DEAE /* Build configuration list for PBXNativeTarget "CSProduct" */ = {
			isa = XCConfigurationList;
			buildConfigurations = (
				7247F5771FCA8A2B00B0DEAE /* Debug */,
				7247F5781FCA8A2B00B0DEAE /* Release */,
			);
			defaultConfigurationIsVisible = 0;
			defaultConfigurationName = Release;
		};
		7247F5791FCA8A2B00B0DEAE /* Build configuration list for PBXNativeTarget "CSProductTests" */ = {
			isa = XCConfigurationList;
			buildConfigurations = (
				7247F57A1FCA8A2B00B0DEAE /* Debug */,
				7247F57B1FCA8A2B00B0DEAE /* Release */,
			);
			defaultConfigurationIsVisible = 0;
			defaultConfigurationName = Release;
		};
		7247F57C1FCA8A2B00B0DEAE /* Build configuration list for PBXNativeTarget "CSProductUITests" */ = {
			isa = XCConfigurationList;
			buildConfigurations = (
				7247F57D1FCA8A2B00B0DEAE /* Debug */,
				7247F57E1FCA8A2B00B0DEAE /* Release */,
			);
			defaultConfigurationIsVisible = 0;
			defaultConfigurationName = Release;
		};
/* End XCConfigurationList section */
	};
	rootObject = 7247F5421FCA8A2A00B0DEAE /* Project object */;
}
